// !$*UTF8*$!
{
	archiveVersion = 1;
	classes = {
	};
	objectVersion = 56;
	objects = {

/* Begin PBXBuildFile section */
		702BB3782A7163F900610C65 /* RootApp.swift in Sources */ = {isa = PBXBuildFile; fileRef = 702BB3772A7163F900610C65 /* RootApp.swift */; };
		702BB37A2A7163F900610C65 /* ContentView.swift in Sources */ = {isa = PBXBuildFile; fileRef = 702BB3792A7163F900610C65 /* ContentView.swift */; };
		702BB37C2A7163F900610C65 /* Assets.xcassets in Resources */ = {isa = PBXBuildFile; fileRef = 702BB37B2A7163F900610C65 /* Assets.xcassets */; };
		702BB37F2A7163F900610C65 /* Preview Assets.xcassets in Resources */ = {isa = PBXBuildFile; fileRef = 702BB37E2A7163F900610C65 /* Preview Assets.xcassets */; };
		702BB3892A7163FA00610C65 /* FiniensTests.swift in Sources */ = {isa = PBXBuildFile; fileRef = 702BB3882A7163FA00610C65 /* FiniensTests.swift */; };
		702BB3932A7163FA00610C65 /* FiniensUITests.swift in Sources */ = {isa = PBXBuildFile; fileRef = 702BB3922A7163FA00610C65 /* FiniensUITests.swift */; };
		702BB3952A7163FA00610C65 /* FiniensUITestsLaunchTests.swift in Sources */ = {isa = PBXBuildFile; fileRef = 702BB3942A7163FA00610C65 /* FiniensUITestsLaunchTests.swift */; };
		702BB3A72A71644100610C65 /* ComposableArchitecture in Frameworks */ = {isa = PBXBuildFile; productRef = 702BB3A62A71644100610C65 /* ComposableArchitecture */; };
		702BB3B02A7165BC00610C65 /* MainTabView.swift in Sources */ = {isa = PBXBuildFile; fileRef = 702BB3AF2A7165BC00610C65 /* MainTabView.swift */; };
		702BB3B22A7165C900610C65 /* MainTabStore.swift in Sources */ = {isa = PBXBuildFile; fileRef = 702BB3B12A7165C900610C65 /* MainTabStore.swift */; };
		702BB3B72A7166AB00610C65 /* HomeStore.swift in Sources */ = {isa = PBXBuildFile; fileRef = 702BB3B62A7166AB00610C65 /* HomeStore.swift */; };
		702BB3B92A71676700610C65 /* HomeView.swift in Sources */ = {isa = PBXBuildFile; fileRef = 702BB3B82A71676700610C65 /* HomeView.swift */; };
		702BB3BD2A71677200610C65 /* MenuView.swift in Sources */ = {isa = PBXBuildFile; fileRef = 702BB3BC2A71677200610C65 /* MenuView.swift */; };
		702BB3C12A71678500610C65 /* MenuStore.swift in Sources */ = {isa = PBXBuildFile; fileRef = 702BB3C02A71678500610C65 /* MenuStore.swift */; };
		702BB3C32A7167EE00610C65 /* SearchMapStore.swift in Sources */ = {isa = PBXBuildFile; fileRef = 702BB3C22A7167EE00610C65 /* SearchMapStore.swift */; };
		702BB3C52A7167F900610C65 /* SearchMapView.swift in Sources */ = {isa = PBXBuildFile; fileRef = 702BB3C42A7167F900610C65 /* SearchMapView.swift */; };
		702BB3C72A716CAE00610C65 /* RootStore.swift in Sources */ = {isa = PBXBuildFile; fileRef = 702BB3C62A716CAE00610C65 /* RootStore.swift */; };
		702BB3C92A716D4F00610C65 /* RootView.swift in Sources */ = {isa = PBXBuildFile; fileRef = 702BB3C82A716D4F00610C65 /* RootView.swift */; };
		70AB913B2A7CBF7B00ECE03C /* LocationSearchView.swift in Sources */ = {isa = PBXBuildFile; fileRef = 70AB913A2A7CBF7B00ECE03C /* LocationSearchView.swift */; };
		931C41592A816868005C1AEF /* Colors.swift in Sources */ = {isa = PBXBuildFile; fileRef = 931C41582A816868005C1AEF /* Colors.swift */; };
		931C415B2A816881005C1AEF /* Colors+Extensions.swift in Sources */ = {isa = PBXBuildFile; fileRef = 931C415A2A816881005C1AEF /* Colors+Extensions.swift */; };
		931C415D2A816899005C1AEF /* Modifiers.swift in Sources */ = {isa = PBXBuildFile; fileRef = 931C415C2A816899005C1AEF /* Modifiers.swift */; };
		931C415F2A8168A9005C1AEF /* Modifiers+Extensions.swift in Sources */ = {isa = PBXBuildFile; fileRef = 931C415E2A8168A9005C1AEF /* Modifiers+Extensions.swift */; };
		931C41612A8168BA005C1AEF /* Paddings+Extensions.swift in Sources */ = {isa = PBXBuildFile; fileRef = 931C41602A8168BA005C1AEF /* Paddings+Extensions.swift */; };
		93524B132A7B3DD100BF3F53 /* NMapsMap in Frameworks */ = {isa = PBXBuildFile; productRef = 93524B122A7B3DD100BF3F53 /* NMapsMap */; };
		93524B342A7B8CD100BF3F53 /* LocationSearchStore.swift in Sources */ = {isa = PBXBuildFile; fileRef = 93524B332A7B8CD100BF3F53 /* LocationSearchStore.swift */; };
		93524B362A7BFE7E00BF3F53 /* SearchBar.swift in Sources */ = {isa = PBXBuildFile; fileRef = 93524B352A7BFE7E00BF3F53 /* SearchBar.swift */; };
/* End PBXBuildFile section */

/* Begin PBXContainerItemProxy section */
		702BB3852A7163FA00610C65 /* PBXContainerItemProxy */ = {
			isa = PBXContainerItemProxy;
			containerPortal = 702BB36C2A7163F900610C65 /* Project object */;
			proxyType = 1;
			remoteGlobalIDString = 702BB3732A7163F900610C65;
			remoteInfo = Finiens;
		};
		702BB38F2A7163FA00610C65 /* PBXContainerItemProxy */ = {
			isa = PBXContainerItemProxy;
			containerPortal = 702BB36C2A7163F900610C65 /* Project object */;
			proxyType = 1;
			remoteGlobalIDString = 702BB3732A7163F900610C65;
			remoteInfo = Finiens;
		};
/* End PBXContainerItemProxy section */

/* Begin PBXFileReference section */
		702BB3742A7163F900610C65 /* Finiens.app */ = {isa = PBXFileReference; explicitFileType = wrapper.application; includeInIndex = 0; path = Finiens.app; sourceTree = BUILT_PRODUCTS_DIR; };
		702BB3772A7163F900610C65 /* RootApp.swift */ = {isa = PBXFileReference; lastKnownFileType = sourcecode.swift; path = RootApp.swift; sourceTree = "<group>"; };
		702BB3792A7163F900610C65 /* ContentView.swift */ = {isa = PBXFileReference; lastKnownFileType = sourcecode.swift; path = ContentView.swift; sourceTree = "<group>"; };
		702BB37B2A7163F900610C65 /* Assets.xcassets */ = {isa = PBXFileReference; lastKnownFileType = folder.assetcatalog; path = Assets.xcassets; sourceTree = "<group>"; };
		702BB37E2A7163F900610C65 /* Preview Assets.xcassets */ = {isa = PBXFileReference; lastKnownFileType = folder.assetcatalog; path = "Preview Assets.xcassets"; sourceTree = "<group>"; };
		702BB3842A7163FA00610C65 /* FiniensTests.xctest */ = {isa = PBXFileReference; explicitFileType = wrapper.cfbundle; includeInIndex = 0; path = FiniensTests.xctest; sourceTree = BUILT_PRODUCTS_DIR; };
		702BB3882A7163FA00610C65 /* FiniensTests.swift */ = {isa = PBXFileReference; lastKnownFileType = sourcecode.swift; path = FiniensTests.swift; sourceTree = "<group>"; };
		702BB38E2A7163FA00610C65 /* FiniensUITests.xctest */ = {isa = PBXFileReference; explicitFileType = wrapper.cfbundle; includeInIndex = 0; path = FiniensUITests.xctest; sourceTree = BUILT_PRODUCTS_DIR; };
		702BB3922A7163FA00610C65 /* FiniensUITests.swift */ = {isa = PBXFileReference; lastKnownFileType = sourcecode.swift; path = FiniensUITests.swift; sourceTree = "<group>"; };
		702BB3942A7163FA00610C65 /* FiniensUITestsLaunchTests.swift */ = {isa = PBXFileReference; lastKnownFileType = sourcecode.swift; path = FiniensUITestsLaunchTests.swift; sourceTree = "<group>"; };
		702BB3AF2A7165BC00610C65 /* MainTabView.swift */ = {isa = PBXFileReference; lastKnownFileType = sourcecode.swift; path = MainTabView.swift; sourceTree = "<group>"; };
		702BB3B12A7165C900610C65 /* MainTabStore.swift */ = {isa = PBXFileReference; lastKnownFileType = sourcecode.swift; path = MainTabStore.swift; sourceTree = "<group>"; };
		702BB3B62A7166AB00610C65 /* HomeStore.swift */ = {isa = PBXFileReference; lastKnownFileType = sourcecode.swift; path = HomeStore.swift; sourceTree = "<group>"; };
		702BB3B82A71676700610C65 /* HomeView.swift */ = {isa = PBXFileReference; lastKnownFileType = sourcecode.swift; path = HomeView.swift; sourceTree = "<group>"; };
		702BB3BC2A71677200610C65 /* MenuView.swift */ = {isa = PBXFileReference; lastKnownFileType = sourcecode.swift; path = MenuView.swift; sourceTree = "<group>"; };
		702BB3C02A71678500610C65 /* MenuStore.swift */ = {isa = PBXFileReference; lastKnownFileType = sourcecode.swift; path = MenuStore.swift; sourceTree = "<group>"; };
		702BB3C22A7167EE00610C65 /* SearchMapStore.swift */ = {isa = PBXFileReference; lastKnownFileType = sourcecode.swift; path = SearchMapStore.swift; sourceTree = "<group>"; };
		702BB3C42A7167F900610C65 /* SearchMapView.swift */ = {isa = PBXFileReference; lastKnownFileType = sourcecode.swift; path = SearchMapView.swift; sourceTree = "<group>"; };
		702BB3C62A716CAE00610C65 /* RootStore.swift */ = {isa = PBXFileReference; lastKnownFileType = sourcecode.swift; path = RootStore.swift; sourceTree = "<group>"; };
		702BB3C82A716D4F00610C65 /* RootView.swift */ = {isa = PBXFileReference; lastKnownFileType = sourcecode.swift; path = RootView.swift; sourceTree = "<group>"; };
		70AB913A2A7CBF7B00ECE03C /* LocationSearchView.swift */ = {isa = PBXFileReference; lastKnownFileType = sourcecode.swift; path = LocationSearchView.swift; sourceTree = "<group>"; };
		931C41582A816868005C1AEF /* Colors.swift */ = {isa = PBXFileReference; lastKnownFileType = sourcecode.swift; path = Colors.swift; sourceTree = "<group>"; };
		931C415A2A816881005C1AEF /* Colors+Extensions.swift */ = {isa = PBXFileReference; lastKnownFileType = sourcecode.swift; path = "Colors+Extensions.swift"; sourceTree = "<group>"; };
		931C415C2A816899005C1AEF /* Modifiers.swift */ = {isa = PBXFileReference; lastKnownFileType = sourcecode.swift; path = Modifiers.swift; sourceTree = "<group>"; };
		931C415E2A8168A9005C1AEF /* Modifiers+Extensions.swift */ = {isa = PBXFileReference; lastKnownFileType = sourcecode.swift; path = "Modifiers+Extensions.swift"; sourceTree = "<group>"; };
		931C41602A8168BA005C1AEF /* Paddings+Extensions.swift */ = {isa = PBXFileReference; lastKnownFileType = sourcecode.swift; path = "Paddings+Extensions.swift"; sourceTree = "<group>"; };
		93524B332A7B8CD100BF3F53 /* LocationSearchStore.swift */ = {isa = PBXFileReference; lastKnownFileType = sourcecode.swift; path = LocationSearchStore.swift; sourceTree = "<group>"; };
		93524B352A7BFE7E00BF3F53 /* SearchBar.swift */ = {isa = PBXFileReference; lastKnownFileType = sourcecode.swift; path = SearchBar.swift; sourceTree = "<group>"; };
/* End PBXFileReference section */

/* Begin PBXFrameworksBuildPhase section */
		702BB3712A7163F900610C65 /* Frameworks */ = {
			isa = PBXFrameworksBuildPhase;
			buildActionMask = 2147483647;
			files = (
				702BB3A72A71644100610C65 /* ComposableArchitecture in Frameworks */,
				93524B132A7B3DD100BF3F53 /* NMapsMap in Frameworks */,
			);
			runOnlyForDeploymentPostprocessing = 0;
		};
		702BB3812A7163FA00610C65 /* Frameworks */ = {
			isa = PBXFrameworksBuildPhase;
			buildActionMask = 2147483647;
			files = (
			);
			runOnlyForDeploymentPostprocessing = 0;
		};
		702BB38B2A7163FA00610C65 /* Frameworks */ = {
			isa = PBXFrameworksBuildPhase;
			buildActionMask = 2147483647;
			files = (
			);
			runOnlyForDeploymentPostprocessing = 0;
		};
/* End PBXFrameworksBuildPhase section */

/* Begin PBXGroup section */
		702BB36B2A7163F900610C65 = {
			isa = PBXGroup;
			children = (
				702BB3762A7163F900610C65 /* Finiens */,
				702BB3872A7163FA00610C65 /* FiniensTests */,
				702BB3912A7163FA00610C65 /* FiniensUITests */,
				702BB3752A7163F900610C65 /* Products */,
			);
			sourceTree = "<group>";
		};
		702BB3752A7163F900610C65 /* Products */ = {
			isa = PBXGroup;
			children = (
				702BB3742A7163F900610C65 /* Finiens.app */,
				702BB3842A7163FA00610C65 /* FiniensTests.xctest */,
				702BB38E2A7163FA00610C65 /* FiniensUITests.xctest */,
			);
			name = Products;
			sourceTree = "<group>";
		};
		702BB3762A7163F900610C65 /* Finiens */ = {
			isa = PBXGroup;
			children = (
				931C41572A816840005C1AEF /* DesignSystem */,
				702BB3A82A71644600610C65 /* App */,
				702BB3A12A71640100610C65 /* Feature */,
				702BB3A22A71640B00610C65 /* Domain */,
				702BB3A32A71640D00610C65 /* Core */,
				702BB3A42A71641100610C65 /* Shared */,
				702BB3792A7163F900610C65 /* ContentView.swift */,
				702BB37B2A7163F900610C65 /* Assets.xcassets */,
				702BB37D2A7163F900610C65 /* Preview Content */,
			);
			path = Finiens;
			sourceTree = "<group>";
		};
		702BB37D2A7163F900610C65 /* Preview Content */ = {
			isa = PBXGroup;
			children = (
				702BB37E2A7163F900610C65 /* Preview Assets.xcassets */,
			);
			path = "Preview Content";
			sourceTree = "<group>";
		};
		702BB3872A7163FA00610C65 /* FiniensTests */ = {
			isa = PBXGroup;
			children = (
				702BB3882A7163FA00610C65 /* FiniensTests.swift */,
			);
			path = FiniensTests;
			sourceTree = "<group>";
		};
		702BB3912A7163FA00610C65 /* FiniensUITests */ = {
			isa = PBXGroup;
			children = (
				702BB3922A7163FA00610C65 /* FiniensUITests.swift */,
				702BB3942A7163FA00610C65 /* FiniensUITestsLaunchTests.swift */,
			);
			path = FiniensUITests;
			sourceTree = "<group>";
		};
		702BB3A12A71640100610C65 /* Feature */ = {
			isa = PBXGroup;
			children = (
				702BB3AA2A7164A000610C65 /* MainTab */,
				702BB3A92A71646900610C65 /* Home */,
				702BB3AC2A7164E800610C65 /* SearchMap */,
				702BB3AB2A7164A500610C65 /* Menu */,
			);
			path = Feature;
			sourceTree = "<group>";
		};
		702BB3A22A71640B00610C65 /* Domain */ = {
			isa = PBXGroup;
			children = (
			);
			path = Domain;
			sourceTree = "<group>";
		};
		702BB3A32A71640D00610C65 /* Core */ = {
			isa = PBXGroup;
			children = (
			);
			path = Core;
			sourceTree = "<group>";
		};
		702BB3A42A71641100610C65 /* Shared */ = {
			isa = PBXGroup;
			children = (
			);
			path = Shared;
			sourceTree = "<group>";
		};
		702BB3A82A71644600610C65 /* App */ = {
			isa = PBXGroup;
			children = (
				702BB3772A7163F900610C65 /* RootApp.swift */,
				702BB3C62A716CAE00610C65 /* RootStore.swift */,
				702BB3C82A716D4F00610C65 /* RootView.swift */,
			);
			path = App;
			sourceTree = "<group>";
		};
		702BB3A92A71646900610C65 /* Home */ = {
			isa = PBXGroup;
			children = (
				702BB3B82A71676700610C65 /* HomeView.swift */,
				702BB3B62A7166AB00610C65 /* HomeStore.swift */,
			);
			path = Home;
			sourceTree = "<group>";
		};
		702BB3AA2A7164A000610C65 /* MainTab */ = {
			isa = PBXGroup;
			children = (
				702BB3AF2A7165BC00610C65 /* MainTabView.swift */,
				702BB3B12A7165C900610C65 /* MainTabStore.swift */,
			);
			path = MainTab;
			sourceTree = "<group>";
		};
		702BB3AB2A7164A500610C65 /* Menu */ = {
			isa = PBXGroup;
			children = (
				702BB3BC2A71677200610C65 /* MenuView.swift */,
				702BB3C02A71678500610C65 /* MenuStore.swift */,
			);
			path = Menu;
			sourceTree = "<group>";
		};
		702BB3AC2A7164E800610C65 /* SearchMap */ = {
			isa = PBXGroup;
			children = (
				702BB3C42A7167F900610C65 /* SearchMapView.swift */,
				702BB3C22A7167EE00610C65 /* SearchMapStore.swift */,
				93524B352A7BFE7E00BF3F53 /* SearchBar.swift */,
				93524B322A7B8CB300BF3F53 /* LocationSearch */,
			);
			path = SearchMap;
			sourceTree = "<group>";
		};
		931C41572A816840005C1AEF /* DesignSystem */ = {
			isa = PBXGroup;
			children = (
				931C41582A816868005C1AEF /* Colors.swift */,
				931C415A2A816881005C1AEF /* Colors+Extensions.swift */,
				931C415C2A816899005C1AEF /* Modifiers.swift */,
				931C415E2A8168A9005C1AEF /* Modifiers+Extensions.swift */,
				931C41602A8168BA005C1AEF /* Paddings+Extensions.swift */,
			);
			path = DesignSystem;
			sourceTree = "<group>";
		};
		93524B322A7B8CB300BF3F53 /* LocationSearch */ = {
			isa = PBXGroup;
			children = (
				93524B332A7B8CD100BF3F53 /* LocationSearchStore.swift */,
				70AB913A2A7CBF7B00ECE03C /* LocationSearchView.swift */,
			);
			path = LocationSearch;
			sourceTree = "<group>";
		};
/* End PBXGroup section */

/* Begin PBXNativeTarget section */
		702BB3732A7163F900610C65 /* Finiens */ = {
			isa = PBXNativeTarget;
			buildConfigurationList = 702BB3982A7163FA00610C65 /* Build configuration list for PBXNativeTarget "Finiens" */;
			buildPhases = (
				702BB3702A7163F900610C65 /* Sources */,
				702BB3712A7163F900610C65 /* Frameworks */,
				702BB3722A7163F900610C65 /* Resources */,
			);
			buildRules = (
			);
			dependencies = (
			);
			name = Finiens;
			packageProductDependencies = (
				702BB3A62A71644100610C65 /* ComposableArchitecture */,
				93524B122A7B3DD100BF3F53 /* NMapsMap */,
			);
			productName = Finiens;
			productReference = 702BB3742A7163F900610C65 /* Finiens.app */;
			productType = "com.apple.product-type.application";
		};
		702BB3832A7163FA00610C65 /* FiniensTests */ = {
			isa = PBXNativeTarget;
			buildConfigurationList = 702BB39B2A7163FA00610C65 /* Build configuration list for PBXNativeTarget "FiniensTests" */;
			buildPhases = (
				702BB3802A7163FA00610C65 /* Sources */,
				702BB3812A7163FA00610C65 /* Frameworks */,
				702BB3822A7163FA00610C65 /* Resources */,
			);
			buildRules = (
			);
			dependencies = (
				702BB3862A7163FA00610C65 /* PBXTargetDependency */,
			);
			name = FiniensTests;
			productName = FiniensTests;
			productReference = 702BB3842A7163FA00610C65 /* FiniensTests.xctest */;
			productType = "com.apple.product-type.bundle.unit-test";
		};
		702BB38D2A7163FA00610C65 /* FiniensUITests */ = {
			isa = PBXNativeTarget;
			buildConfigurationList = 702BB39E2A7163FA00610C65 /* Build configuration list for PBXNativeTarget "FiniensUITests" */;
			buildPhases = (
				702BB38A2A7163FA00610C65 /* Sources */,
				702BB38B2A7163FA00610C65 /* Frameworks */,
				702BB38C2A7163FA00610C65 /* Resources */,
			);
			buildRules = (
			);
			dependencies = (
				702BB3902A7163FA00610C65 /* PBXTargetDependency */,
			);
			name = FiniensUITests;
			productName = FiniensUITests;
			productReference = 702BB38E2A7163FA00610C65 /* FiniensUITests.xctest */;
			productType = "com.apple.product-type.bundle.ui-testing";
		};
/* End PBXNativeTarget section */

/* Begin PBXProject section */
		702BB36C2A7163F900610C65 /* Project object */ = {
			isa = PBXProject;
			attributes = {
				BuildIndependentTargetsInParallel = 1;
				LastSwiftUpdateCheck = 1430;
				LastUpgradeCheck = 1430;
				TargetAttributes = {
					702BB3732A7163F900610C65 = {
						CreatedOnToolsVersion = 14.3.1;
					};
					702BB3832A7163FA00610C65 = {
						CreatedOnToolsVersion = 14.3.1;
						TestTargetID = 702BB3732A7163F900610C65;
					};
					702BB38D2A7163FA00610C65 = {
						CreatedOnToolsVersion = 14.3.1;
						TestTargetID = 702BB3732A7163F900610C65;
					};
				};
			};
			buildConfigurationList = 702BB36F2A7163F900610C65 /* Build configuration list for PBXProject "Finiens" */;
			compatibilityVersion = "Xcode 14.0";
			developmentRegion = en;
			hasScannedForEncodings = 0;
			knownRegions = (
				en,
				Base,
			);
			mainGroup = 702BB36B2A7163F900610C65;
			packageReferences = (
				702BB3A52A71644100610C65 /* XCRemoteSwiftPackageReference "swift-composable-architecture" */,
				93524B112A7B3DD100BF3F53 /* XCRemoteSwiftPackageReference "NMapsMap" */,
			);
			productRefGroup = 702BB3752A7163F900610C65 /* Products */;
			projectDirPath = "";
			projectRoot = "";
			targets = (
				702BB3732A7163F900610C65 /* Finiens */,
				702BB3832A7163FA00610C65 /* FiniensTests */,
				702BB38D2A7163FA00610C65 /* FiniensUITests */,
			);
		};
/* End PBXProject section */

/* Begin PBXResourcesBuildPhase section */
		702BB3722A7163F900610C65 /* Resources */ = {
			isa = PBXResourcesBuildPhase;
			buildActionMask = 2147483647;
			files = (
				702BB37F2A7163F900610C65 /* Preview Assets.xcassets in Resources */,
				702BB37C2A7163F900610C65 /* Assets.xcassets in Resources */,
			);
			runOnlyForDeploymentPostprocessing = 0;
		};
		702BB3822A7163FA00610C65 /* Resources */ = {
			isa = PBXResourcesBuildPhase;
			buildActionMask = 2147483647;
			files = (
			);
			runOnlyForDeploymentPostprocessing = 0;
		};
		702BB38C2A7163FA00610C65 /* Resources */ = {
			isa = PBXResourcesBuildPhase;
			buildActionMask = 2147483647;
			files = (
			);
			runOnlyForDeploymentPostprocessing = 0;
		};
/* End PBXResourcesBuildPhase section */

/* Begin PBXSourcesBuildPhase section */
		702BB3702A7163F900610C65 /* Sources */ = {
			isa = PBXSourcesBuildPhase;
			buildActionMask = 2147483647;
			files = (
				702BB3C12A71678500610C65 /* MenuStore.swift in Sources */,
				702BB3BD2A71677200610C65 /* MenuView.swift in Sources */,
				702BB3C72A716CAE00610C65 /* RootStore.swift in Sources */,
				702BB37A2A7163F900610C65 /* ContentView.swift in Sources */,
				931C415B2A816881005C1AEF /* Colors+Extensions.swift in Sources */,
				702BB3782A7163F900610C65 /* RootApp.swift in Sources */,
				702BB3B22A7165C900610C65 /* MainTabStore.swift in Sources */,
				702BB3C32A7167EE00610C65 /* SearchMapStore.swift in Sources */,
				93524B362A7BFE7E00BF3F53 /* SearchBar.swift in Sources */,
				702BB3B92A71676700610C65 /* HomeView.swift in Sources */,
				931C41592A816868005C1AEF /* Colors.swift in Sources */,
				702BB3C92A716D4F00610C65 /* RootView.swift in Sources */,
				70AB913B2A7CBF7B00ECE03C /* LocationSearchView.swift in Sources */,
				702BB3B72A7166AB00610C65 /* HomeStore.swift in Sources */,
				702BB3B02A7165BC00610C65 /* MainTabView.swift in Sources */,
				702BB3C52A7167F900610C65 /* SearchMapView.swift in Sources */,
				931C415D2A816899005C1AEF /* Modifiers.swift in Sources */,
				931C41612A8168BA005C1AEF /* Paddings+Extensions.swift in Sources */,
				93524B342A7B8CD100BF3F53 /* LocationSearchStore.swift in Sources */,
				931C415F2A8168A9005C1AEF /* Modifiers+Extensions.swift in Sources */,
			);
			runOnlyForDeploymentPostprocessing = 0;
		};
		702BB3802A7163FA00610C65 /* Sources */ = {
			isa = PBXSourcesBuildPhase;
			buildActionMask = 2147483647;
			files = (
				702BB3892A7163FA00610C65 /* FiniensTests.swift in Sources */,
			);
			runOnlyForDeploymentPostprocessing = 0;
		};
		702BB38A2A7163FA00610C65 /* Sources */ = {
			isa = PBXSourcesBuildPhase;
			buildActionMask = 2147483647;
			files = (
				702BB3932A7163FA00610C65 /* FiniensUITests.swift in Sources */,
				702BB3952A7163FA00610C65 /* FiniensUITestsLaunchTests.swift in Sources */,
			);
			runOnlyForDeploymentPostprocessing = 0;
		};
/* End PBXSourcesBuildPhase section */

/* Begin PBXTargetDependency section */
		702BB3862A7163FA00610C65 /* PBXTargetDependency */ = {
			isa = PBXTargetDependency;
			target = 702BB3732A7163F900610C65 /* Finiens */;
			targetProxy = 702BB3852A7163FA00610C65 /* PBXContainerItemProxy */;
		};
		702BB3902A7163FA00610C65 /* PBXTargetDependency */ = {
			isa = PBXTargetDependency;
			target = 702BB3732A7163F900610C65 /* Finiens */;
			targetProxy = 702BB38F2A7163FA00610C65 /* PBXContainerItemProxy */;
		};
/* End PBXTargetDependency section */

/* Begin XCBuildConfiguration section */
		702BB3962A7163FA00610C65 /* Debug */ = {
			isa = XCBuildConfiguration;
			buildSettings = {
				ALWAYS_SEARCH_USER_PATHS = NO;
				CLANG_ANALYZER_NONNULL = YES;
				CLANG_ANALYZER_NUMBER_OBJECT_CONVERSION = YES_AGGRESSIVE;
				CLANG_CXX_LANGUAGE_STANDARD = "gnu++20";
				CLANG_ENABLE_MODULES = YES;
				CLANG_ENABLE_OBJC_ARC = YES;
				CLANG_ENABLE_OBJC_WEAK = YES;
				CLANG_WARN_BLOCK_CAPTURE_AUTORELEASING = YES;
				CLANG_WARN_BOOL_CONVERSION = YES;
				CLANG_WARN_COMMA = YES;
				CLANG_WARN_CONSTANT_CONVERSION = YES;
				CLANG_WARN_DEPRECATED_OBJC_IMPLEMENTATIONS = YES;
				CLANG_WARN_DIRECT_OBJC_ISA_USAGE = YES_ERROR;
				CLANG_WARN_DOCUMENTATION_COMMENTS = YES;
				CLANG_WARN_EMPTY_BODY = YES;
				CLANG_WARN_ENUM_CONVERSION = YES;
				CLANG_WARN_INFINITE_RECURSION = YES;
				CLANG_WARN_INT_CONVERSION = YES;
				CLANG_WARN_NON_LITERAL_NULL_CONVERSION = YES;
				CLANG_WARN_OBJC_IMPLICIT_RETAIN_SELF = YES;
				CLANG_WARN_OBJC_LITERAL_CONVERSION = YES;
				CLANG_WARN_OBJC_ROOT_CLASS = YES_ERROR;
				CLANG_WARN_QUOTED_INCLUDE_IN_FRAMEWORK_HEADER = YES;
				CLANG_WARN_RANGE_LOOP_ANALYSIS = YES;
				CLANG_WARN_STRICT_PROTOTYPES = YES;
				CLANG_WARN_SUSPICIOUS_MOVE = YES;
				CLANG_WARN_UNGUARDED_AVAILABILITY = YES_AGGRESSIVE;
				CLANG_WARN_UNREACHABLE_CODE = YES;
				CLANG_WARN__DUPLICATE_METHOD_MATCH = YES;
				COPY_PHASE_STRIP = NO;
				DEBUG_INFORMATION_FORMAT = dwarf;
				ENABLE_STRICT_OBJC_MSGSEND = YES;
				ENABLE_TESTABILITY = YES;
				GCC_C_LANGUAGE_STANDARD = gnu11;
				GCC_DYNAMIC_NO_PIC = NO;
				GCC_NO_COMMON_BLOCKS = YES;
				GCC_OPTIMIZATION_LEVEL = 0;
				GCC_PREPROCESSOR_DEFINITIONS = (
					"DEBUG=1",
					"$(inherited)",
				);
				GCC_WARN_64_TO_32_BIT_CONVERSION = YES;
				GCC_WARN_ABOUT_RETURN_TYPE = YES_ERROR;
				GCC_WARN_UNDECLARED_SELECTOR = YES;
				GCC_WARN_UNINITIALIZED_AUTOS = YES_AGGRESSIVE;
				GCC_WARN_UNUSED_FUNCTION = YES;
				GCC_WARN_UNUSED_VARIABLE = YES;
				IPHONEOS_DEPLOYMENT_TARGET = 16.4;
				MTL_ENABLE_DEBUG_INFO = INCLUDE_SOURCE;
				MTL_FAST_MATH = YES;
				ONLY_ACTIVE_ARCH = YES;
				SDKROOT = iphoneos;
				SWIFT_ACTIVE_COMPILATION_CONDITIONS = DEBUG;
				SWIFT_OPTIMIZATION_LEVEL = "-Onone";
			};
			name = Debug;
		};
		702BB3972A7163FA00610C65 /* Release */ = {
			isa = XCBuildConfiguration;
			buildSettings = {
				ALWAYS_SEARCH_USER_PATHS = NO;
				CLANG_ANALYZER_NONNULL = YES;
				CLANG_ANALYZER_NUMBER_OBJECT_CONVERSION = YES_AGGRESSIVE;
				CLANG_CXX_LANGUAGE_STANDARD = "gnu++20";
				CLANG_ENABLE_MODULES = YES;
				CLANG_ENABLE_OBJC_ARC = YES;
				CLANG_ENABLE_OBJC_WEAK = YES;
				CLANG_WARN_BLOCK_CAPTURE_AUTORELEASING = YES;
				CLANG_WARN_BOOL_CONVERSION = YES;
				CLANG_WARN_COMMA = YES;
				CLANG_WARN_CONSTANT_CONVERSION = YES;
				CLANG_WARN_DEPRECATED_OBJC_IMPLEMENTATIONS = YES;
				CLANG_WARN_DIRECT_OBJC_ISA_USAGE = YES_ERROR;
				CLANG_WARN_DOCUMENTATION_COMMENTS = YES;
				CLANG_WARN_EMPTY_BODY = YES;
				CLANG_WARN_ENUM_CONVERSION = YES;
				CLANG_WARN_INFINITE_RECURSION = YES;
				CLANG_WARN_INT_CONVERSION = YES;
				CLANG_WARN_NON_LITERAL_NULL_CONVERSION = YES;
				CLANG_WARN_OBJC_IMPLICIT_RETAIN_SELF = YES;
				CLANG_WARN_OBJC_LITERAL_CONVERSION = YES;
				CLANG_WARN_OBJC_ROOT_CLASS = YES_ERROR;
				CLANG_WARN_QUOTED_INCLUDE_IN_FRAMEWORK_HEADER = YES;
				CLANG_WARN_RANGE_LOOP_ANALYSIS = YES;
				CLANG_WARN_STRICT_PROTOTYPES = YES;
				CLANG_WARN_SUSPICIOUS_MOVE = YES;
				CLANG_WARN_UNGUARDED_AVAILABILITY = YES_AGGRESSIVE;
				CLANG_WARN_UNREACHABLE_CODE = YES;
				CLANG_WARN__DUPLICATE_METHOD_MATCH = YES;
				COPY_PHASE_STRIP = NO;
				DEBUG_INFORMATION_FORMAT = "dwarf-with-dsym";
				ENABLE_NS_ASSERTIONS = NO;
				ENABLE_STRICT_OBJC_MSGSEND = YES;
				GCC_C_LANGUAGE_STANDARD = gnu11;
				GCC_NO_COMMON_BLOCKS = YES;
				GCC_WARN_64_TO_32_BIT_CONVERSION = YES;
				GCC_WARN_ABOUT_RETURN_TYPE = YES_ERROR;
				GCC_WARN_UNDECLARED_SELECTOR = YES;
				GCC_WARN_UNINITIALIZED_AUTOS = YES_AGGRESSIVE;
				GCC_WARN_UNUSED_FUNCTION = YES;
				GCC_WARN_UNUSED_VARIABLE = YES;
				IPHONEOS_DEPLOYMENT_TARGET = 16.4;
				MTL_ENABLE_DEBUG_INFO = NO;
				MTL_FAST_MATH = YES;
				SDKROOT = iphoneos;
				SWIFT_COMPILATION_MODE = wholemodule;
				SWIFT_OPTIMIZATION_LEVEL = "-O";
				VALIDATE_PRODUCT = YES;
			};
			name = Release;
		};
		702BB3992A7163FA00610C65 /* Debug */ = {
			isa = XCBuildConfiguration;
			buildSettings = {
				ASSETCATALOG_COMPILER_APPICON_NAME = AppIcon;
				ASSETCATALOG_COMPILER_GLOBAL_ACCENT_COLOR_NAME = AccentColor;
				CODE_SIGN_STYLE = Automatic;
				CURRENT_PROJECT_VERSION = 1;
				DEVELOPMENT_ASSET_PATHS = "\"Finiens/Preview Content\"";
				DEVELOPMENT_TEAM = X64MATB2CC;
				ENABLE_PREVIEWS = YES;
				GENERATE_INFOPLIST_FILE = YES;
				INFOPLIST_KEY_UIApplicationSceneManifest_Generation = YES;
				INFOPLIST_KEY_UIApplicationSupportsIndirectInputEvents = YES;
				INFOPLIST_KEY_UILaunchScreen_Generation = YES;
				INFOPLIST_KEY_UISupportedInterfaceOrientations_iPad = "UIInterfaceOrientationPortrait UIInterfaceOrientationPortraitUpsideDown UIInterfaceOrientationLandscapeLeft UIInterfaceOrientationLandscapeRight";
				INFOPLIST_KEY_UISupportedInterfaceOrientations_iPhone = "UIInterfaceOrientationPortrait UIInterfaceOrientationLandscapeLeft UIInterfaceOrientationLandscapeRight";
				LD_RUNPATH_SEARCH_PATHS = (
					"$(inherited)",
					"@executable_path/Frameworks",
				);
				MARKETING_VERSION = 1.0;
				PRODUCT_BUNDLE_IDENTIFIER = com.alom.Finiens;
				PRODUCT_NAME = "$(TARGET_NAME)";
				SWIFT_EMIT_LOC_STRINGS = YES;
				SWIFT_VERSION = 5.0;
				TARGETED_DEVICE_FAMILY = "1,2";
			};
			name = Debug;
		};
		702BB39A2A7163FA00610C65 /* Release */ = {
			isa = XCBuildConfiguration;
			buildSettings = {
				ASSETCATALOG_COMPILER_APPICON_NAME = AppIcon;
				ASSETCATALOG_COMPILER_GLOBAL_ACCENT_COLOR_NAME = AccentColor;
				CODE_SIGN_STYLE = Automatic;
				CURRENT_PROJECT_VERSION = 1;
				DEVELOPMENT_ASSET_PATHS = "\"Finiens/Preview Content\"";
				DEVELOPMENT_TEAM = X64MATB2CC;
				ENABLE_PREVIEWS = YES;
				GENERATE_INFOPLIST_FILE = YES;
				INFOPLIST_KEY_UIApplicationSceneManifest_Generation = YES;
				INFOPLIST_KEY_UIApplicationSupportsIndirectInputEvents = YES;
				INFOPLIST_KEY_UILaunchScreen_Generation = YES;
				INFOPLIST_KEY_UISupportedInterfaceOrientations_iPad = "UIInterfaceOrientationPortrait UIInterfaceOrientationPortraitUpsideDown UIInterfaceOrientationLandscapeLeft UIInterfaceOrientationLandscapeRight";
				INFOPLIST_KEY_UISupportedInterfaceOrientations_iPhone = "UIInterfaceOrientationPortrait UIInterfaceOrientationLandscapeLeft UIInterfaceOrientationLandscapeRight";
				LD_RUNPATH_SEARCH_PATHS = (
					"$(inherited)",
					"@executable_path/Frameworks",
				);
				MARKETING_VERSION = 1.0;
				PRODUCT_BUNDLE_IDENTIFIER = com.alom.Finiens;
				PRODUCT_NAME = "$(TARGET_NAME)";
				SWIFT_EMIT_LOC_STRINGS = YES;
				SWIFT_VERSION = 5.0;
				TARGETED_DEVICE_FAMILY = "1,2";
			};
			name = Release;
		};
		702BB39C2A7163FA00610C65 /* Debug */ = {
			isa = XCBuildConfiguration;
			buildSettings = {
				ALWAYS_EMBED_SWIFT_STANDARD_LIBRARIES = YES;
				BUNDLE_LOADER = "$(TEST_HOST)";
				CODE_SIGN_STYLE = Automatic;
				CURRENT_PROJECT_VERSION = 1;
				DEVELOPMENT_TEAM = X64MATB2CC;
				GENERATE_INFOPLIST_FILE = YES;
				IPHONEOS_DEPLOYMENT_TARGET = 16.4;
				MARKETING_VERSION = 1.0;
				PRODUCT_BUNDLE_IDENTIFIER = com.alom.FiniensTests;
				PRODUCT_NAME = "$(TARGET_NAME)";
				SWIFT_EMIT_LOC_STRINGS = NO;
				SWIFT_VERSION = 5.0;
				TARGETED_DEVICE_FAMILY = "1,2";
				TEST_HOST = "$(BUILT_PRODUCTS_DIR)/Finiens.app/$(BUNDLE_EXECUTABLE_FOLDER_PATH)/Finiens";
			};
			name = Debug;
		};
		702BB39D2A7163FA00610C65 /* Release */ = {
			isa = XCBuildConfiguration;
			buildSettings = {
				ALWAYS_EMBED_SWIFT_STANDARD_LIBRARIES = YES;
				BUNDLE_LOADER = "$(TEST_HOST)";
				CODE_SIGN_STYLE = Automatic;
				CURRENT_PROJECT_VERSION = 1;
				DEVELOPMENT_TEAM = X64MATB2CC;
				GENERATE_INFOPLIST_FILE = YES;
				IPHONEOS_DEPLOYMENT_TARGET = 16.4;
				MARKETING_VERSION = 1.0;
				PRODUCT_BUNDLE_IDENTIFIER = com.alom.FiniensTests;
				PRODUCT_NAME = "$(TARGET_NAME)";
				SWIFT_EMIT_LOC_STRINGS = NO;
				SWIFT_VERSION = 5.0;
				TARGETED_DEVICE_FAMILY = "1,2";
				TEST_HOST = "$(BUILT_PRODUCTS_DIR)/Finiens.app/$(BUNDLE_EXECUTABLE_FOLDER_PATH)/Finiens";
			};
			name = Release;
		};
		702BB39F2A7163FA00610C65 /* Debug */ = {
			isa = XCBuildConfiguration;
			buildSettings = {
				ALWAYS_EMBED_SWIFT_STANDARD_LIBRARIES = YES;
				CODE_SIGN_STYLE = Automatic;
				CURRENT_PROJECT_VERSION = 1;
				DEVELOPMENT_TEAM = X64MATB2CC;
				GENERATE_INFOPLIST_FILE = YES;
				MARKETING_VERSION = 1.0;
				PRODUCT_BUNDLE_IDENTIFIER = com.alom.FiniensUITests;
				PRODUCT_NAME = "$(TARGET_NAME)";
				SWIFT_EMIT_LOC_STRINGS = NO;
				SWIFT_VERSION = 5.0;
				TARGETED_DEVICE_FAMILY = "1,2";
				TEST_TARGET_NAME = Finiens;
			};
			name = Debug;
		};
		702BB3A02A7163FA00610C65 /* Release */ = {
			isa = XCBuildConfiguration;
			buildSettings = {
				ALWAYS_EMBED_SWIFT_STANDARD_LIBRARIES = YES;
				CODE_SIGN_STYLE = Automatic;
				CURRENT_PROJECT_VERSION = 1;
				DEVELOPMENT_TEAM = X64MATB2CC;
				GENERATE_INFOPLIST_FILE = YES;
				MARKETING_VERSION = 1.0;
				PRODUCT_BUNDLE_IDENTIFIER = com.alom.FiniensUITests;
				PRODUCT_NAME = "$(TARGET_NAME)";
				SWIFT_EMIT_LOC_STRINGS = NO;
				SWIFT_VERSION = 5.0;
				TARGETED_DEVICE_FAMILY = "1,2";
				TEST_TARGET_NAME = Finiens;
			};
			name = Release;
		};
/* End XCBuildConfiguration section */

/* Begin XCConfigurationList section */
		702BB36F2A7163F900610C65 /* Build configuration list for PBXProject "Finiens" */ = {
			isa = XCConfigurationList;
			buildConfigurations = (
				702BB3962A7163FA00610C65 /* Debug */,
				702BB3972A7163FA00610C65 /* Release */,
			);
			defaultConfigurationIsVisible = 0;
			defaultConfigurationName = Release;
		};
		702BB3982A7163FA00610C65 /* Build configuration list for PBXNativeTarget "Finiens" */ = {
			isa = XCConfigurationList;
			buildConfigurations = (
				702BB3992A7163FA00610C65 /* Debug */,
				702BB39A2A7163FA00610C65 /* Release */,
			);
			defaultConfigurationIsVisible = 0;
			defaultConfigurationName = Release;
		};
		702BB39B2A7163FA00610C65 /* Build configuration list for PBXNativeTarget "FiniensTests" */ = {
			isa = XCConfigurationList;
			buildConfigurations = (
				702BB39C2A7163FA00610C65 /* Debug */,
				702BB39D2A7163FA00610C65 /* Release */,
			);
			defaultConfigurationIsVisible = 0;
			defaultConfigurationName = Release;
		};
		702BB39E2A7163FA00610C65 /* Build configuration list for PBXNativeTarget "FiniensUITests" */ = {
			isa = XCConfigurationList;
			buildConfigurations = (
				702BB39F2A7163FA00610C65 /* Debug */,
				702BB3A02A7163FA00610C65 /* Release */,
			);
			defaultConfigurationIsVisible = 0;
			defaultConfigurationName = Release;
		};
/* End XCConfigurationList section */

/* Begin XCRemoteSwiftPackageReference section */
		702BB3A52A71644100610C65 /* XCRemoteSwiftPackageReference "swift-composable-architecture" */ = {
			isa = XCRemoteSwiftPackageReference;
			repositoryURL = "https://github.com/pointfreeco/swift-composable-architecture";
			requirement = {
				kind = upToNextMajorVersion;
				minimumVersion = 0.56.0;
			};
		};
		93524B112A7B3DD100BF3F53 /* XCRemoteSwiftPackageReference "NMapsMap" */ = {
			isa = XCRemoteSwiftPackageReference;
			repositoryURL = "https://github.com/jaemyeong/NMapsMap.git";
			requirement = {
				kind = upToNextMajorVersion;
				minimumVersion = 3.0.0;
			};
		};
/* End XCRemoteSwiftPackageReference section */

/* Begin XCSwiftPackageProductDependency section */
		702BB3A62A71644100610C65 /* ComposableArchitecture */ = {
			isa = XCSwiftPackageProductDependency;
			package = 702BB3A52A71644100610C65 /* XCRemoteSwiftPackageReference "swift-composable-architecture" */;
			productName = ComposableArchitecture;
		};
		93524B122A7B3DD100BF3F53 /* NMapsMap */ = {
			isa = XCSwiftPackageProductDependency;
			package = 93524B112A7B3DD100BF3F53 /* XCRemoteSwiftPackageReference "NMapsMap" */;
			productName = NMapsMap;
		};
/* End XCSwiftPackageProductDependency section */
	};
	rootObject = 702BB36C2A7163F900610C65 /* Project object */;
}
