// !$*UTF8*$!
{
	archiveVersion = 1;
	classes = {
	};
	objectVersion = 56;
	objects = {

/* Begin PBXBuildFile section */
		F39FC69E2A65883300C977F7 /* antenna_mvpApp.swift in Sources */ = {isa = PBXBuildFile; fileRef = F39FC69D2A65883300C977F7 /* antenna_mvpApp.swift */; };
		F39FC6A02A65883300C977F7 /* ContentView.swift in Sources */ = {isa = PBXBuildFile; fileRef = F39FC69F2A65883300C977F7 /* ContentView.swift */; };
		F39FC6A22A65883800C977F7 /* Assets.xcassets in Resources */ = {isa = PBXBuildFile; fileRef = F39FC6A12A65883800C977F7 /* Assets.xcassets */; };
		F39FC6A52A65883800C977F7 /* Preview Assets.xcassets in Resources */ = {isa = PBXBuildFile; fileRef = F39FC6A42A65883800C977F7 /* Preview Assets.xcassets */; };
		F39FC6AF2A65883900C977F7 /* antenna_mvpTests.swift in Sources */ = {isa = PBXBuildFile; fileRef = F39FC6AE2A65883900C977F7 /* antenna_mvpTests.swift */; };
		F39FC6B92A65883900C977F7 /* antenna_mvpUITests.swift in Sources */ = {isa = PBXBuildFile; fileRef = F39FC6B82A65883900C977F7 /* antenna_mvpUITests.swift */; };
		F39FC6BB2A65883900C977F7 /* antenna_mvpUITestsLaunchTests.swift in Sources */ = {isa = PBXBuildFile; fileRef = F39FC6BA2A65883900C977F7 /* antenna_mvpUITestsLaunchTests.swift */; };
		F3A3775A2A74D22F00670B5D /* Finding.swift in Sources */ = {isa = PBXBuildFile; fileRef = F3A377592A74D22E00670B5D /* Finding.swift */; };
		F3A3775C2A74D25E00670B5D /* PartialCornerRadius.swift in Sources */ = {isa = PBXBuildFile; fileRef = F3A3775B2A74D25E00670B5D /* PartialCornerRadius.swift */; };
		F3A3775E2A74D27800670B5D /* ViewA.swift in Sources */ = {isa = PBXBuildFile; fileRef = F3A3775D2A74D27800670B5D /* ViewA.swift */; };
		F3A377602A74D28000670B5D /* ViewB.swift in Sources */ = {isa = PBXBuildFile; fileRef = F3A3775F2A74D28000670B5D /* ViewB.swift */; };
		F3A377622A74D28800670B5D /* ViewC.swift in Sources */ = {isa = PBXBuildFile; fileRef = F3A377612A74D28800670B5D /* ViewC.swift */; };
/* End PBXBuildFile section */

/* Begin PBXContainerItemProxy section */
		F39FC6AB2A65883900C977F7 /* PBXContainerItemProxy */ = {
			isa = PBXContainerItemProxy;
			containerPortal = F39FC6922A65883300C977F7 /* Project object */;
			proxyType = 1;
			remoteGlobalIDString = F39FC6992A65883300C977F7;
			remoteInfo = antenna_mvp;
		};
		F39FC6B52A65883900C977F7 /* PBXContainerItemProxy */ = {
			isa = PBXContainerItemProxy;
			containerPortal = F39FC6922A65883300C977F7 /* Project object */;
			proxyType = 1;
			remoteGlobalIDString = F39FC6992A65883300C977F7;
			remoteInfo = antenna_mvp;
		};
/* End PBXContainerItemProxy section */

/* Begin PBXFileReference section */
		F39FC69A2A65883300C977F7 /* antenna_mvp.app */ = {isa = PBXFileReference; explicitFileType = wrapper.application; includeInIndex = 0; path = antenna_mvp.app; sourceTree = BUILT_PRODUCTS_DIR; };
		F39FC69D2A65883300C977F7 /* antenna_mvpApp.swift */ = {isa = PBXFileReference; lastKnownFileType = sourcecode.swift; path = antenna_mvpApp.swift; sourceTree = "<group>"; };
		F39FC69F2A65883300C977F7 /* ContentView.swift */ = {isa = PBXFileReference; lastKnownFileType = sourcecode.swift; path = ContentView.swift; sourceTree = "<group>"; };
		F39FC6A12A65883800C977F7 /* Assets.xcassets */ = {isa = PBXFileReference; lastKnownFileType = folder.assetcatalog; path = Assets.xcassets; sourceTree = "<group>"; };
		F39FC6A42A65883800C977F7 /* Preview Assets.xcassets */ = {isa = PBXFileReference; lastKnownFileType = folder.assetcatalog; path = "Preview Assets.xcassets"; sourceTree = "<group>"; };
		F39FC6AA2A65883900C977F7 /* antenna_mvpTests.xctest */ = {isa = PBXFileReference; explicitFileType = wrapper.cfbundle; includeInIndex = 0; path = antenna_mvpTests.xctest; sourceTree = BUILT_PRODUCTS_DIR; };
		F39FC6AE2A65883900C977F7 /* antenna_mvpTests.swift */ = {isa = PBXFileReference; lastKnownFileType = sourcecode.swift; path = antenna_mvpTests.swift; sourceTree = "<group>"; };
		F39FC6B42A65883900C977F7 /* antenna_mvpUITests.xctest */ = {isa = PBXFileReference; explicitFileType = wrapper.cfbundle; includeInIndex = 0; path = antenna_mvpUITests.xctest; sourceTree = BUILT_PRODUCTS_DIR; };
		F39FC6B82A65883900C977F7 /* antenna_mvpUITests.swift */ = {isa = PBXFileReference; lastKnownFileType = sourcecode.swift; path = antenna_mvpUITests.swift; sourceTree = "<group>"; };
		F39FC6BA2A65883900C977F7 /* antenna_mvpUITestsLaunchTests.swift */ = {isa = PBXFileReference; lastKnownFileType = sourcecode.swift; path = antenna_mvpUITestsLaunchTests.swift; sourceTree = "<group>"; };
		F3A377592A74D22E00670B5D /* Finding.swift */ = {isa = PBXFileReference; lastKnownFileType = sourcecode.swift; path = Finding.swift; sourceTree = "<group>"; };
		F3A3775B2A74D25E00670B5D /* PartialCornerRadius.swift */ = {isa = PBXFileReference; lastKnownFileType = sourcecode.swift; path = PartialCornerRadius.swift; sourceTree = "<group>"; };
		F3A3775D2A74D27800670B5D /* ViewA.swift */ = {isa = PBXFileReference; lastKnownFileType = sourcecode.swift; path = ViewA.swift; sourceTree = "<group>"; };
		F3A3775F2A74D28000670B5D /* ViewB.swift */ = {isa = PBXFileReference; lastKnownFileType = sourcecode.swift; path = ViewB.swift; sourceTree = "<group>"; };
		F3A377612A74D28800670B5D /* ViewC.swift */ = {isa = PBXFileReference; lastKnownFileType = sourcecode.swift; path = ViewC.swift; sourceTree = "<group>"; };
/* End PBXFileReference section */

/* Begin PBXFrameworksBuildPhase section */
		F39FC6972A65883300C977F7 /* Frameworks */ = {
			isa = PBXFrameworksBuildPhase;
			buildActionMask = 2147483647;
			files = (
			);
			runOnlyForDeploymentPostprocessing = 0;
		};
		F39FC6A72A65883900C977F7 /* Frameworks */ = {
			isa = PBXFrameworksBuildPhase;
			buildActionMask = 2147483647;
			files = (
			);
			runOnlyForDeploymentPostprocessing = 0;
		};
		F39FC6B12A65883900C977F7 /* Frameworks */ = {
			isa = PBXFrameworksBuildPhase;
			buildActionMask = 2147483647;
			files = (
			);
			runOnlyForDeploymentPostprocessing = 0;
		};
/* End PBXFrameworksBuildPhase section */

/* Begin PBXGroup section */
		F39FC6912A65883300C977F7 = {
			isa = PBXGroup;
			children = (
				F39FC69C2A65883300C977F7 /* antenna_mvp */,
				F39FC6AD2A65883900C977F7 /* antenna_mvpTests */,
				F39FC6B72A65883900C977F7 /* antenna_mvpUITests */,
				F39FC69B2A65883300C977F7 /* Products */,
			);
			sourceTree = "<group>";
		};
		F39FC69B2A65883300C977F7 /* Products */ = {
			isa = PBXGroup;
			children = (
				F39FC69A2A65883300C977F7 /* antenna_mvp.app */,
				F39FC6AA2A65883900C977F7 /* antenna_mvpTests.xctest */,
				F39FC6B42A65883900C977F7 /* antenna_mvpUITests.xctest */,
			);
			name = Products;
			sourceTree = "<group>";
		};
		F39FC69C2A65883300C977F7 /* antenna_mvp */ = {
			isa = PBXGroup;
			children = (
				F39FC69D2A65883300C977F7 /* antenna_mvpApp.swift */,
				F39FC69F2A65883300C977F7 /* ContentView.swift */,
				F3A377592A74D22E00670B5D /* Finding.swift */,
				F3A3775B2A74D25E00670B5D /* PartialCornerRadius.swift */,
				F3A3775D2A74D27800670B5D /* ViewA.swift */,
				F3A3775F2A74D28000670B5D /* ViewB.swift */,
				F3A377612A74D28800670B5D /* ViewC.swift */,
				F39FC6A12A65883800C977F7 /* Assets.xcassets */,
				F39FC6A32A65883800C977F7 /* Preview Content */,
			);
			path = antenna_mvp;
			sourceTree = "<group>";
		};
		F39FC6A32A65883800C977F7 /* Preview Content */ = {
			isa = PBXGroup;
			children = (
				F39FC6A42A65883800C977F7 /* Preview Assets.xcassets */,
			);
			path = "Preview Content";
			sourceTree = "<group>";
		};
		F39FC6AD2A65883900C977F7 /* antenna_mvpTests */ = {
			isa = PBXGroup;
			children = (
				F39FC6AE2A65883900C977F7 /* antenna_mvpTests.swift */,
			);
			path = antenna_mvpTests;
			sourceTree = "<group>";
		};
		F39FC6B72A65883900C977F7 /* antenna_mvpUITests */ = {
			isa = PBXGroup;
			children = (
				F39FC6B82A65883900C977F7 /* antenna_mvpUITests.swift */,
				F39FC6BA2A65883900C977F7 /* antenna_mvpUITestsLaunchTests.swift */,
			);
			path = antenna_mvpUITests;
			sourceTree = "<group>";
		};
/* End PBXGroup section */

/* Begin PBXNativeTarget section */
		F39FC6992A65883300C977F7 /* antenna_mvp */ = {
			isa = PBXNativeTarget;
			buildConfigurationList = F39FC6BE2A65883900C977F7 /* Build configuration list for PBXNativeTarget "antenna_mvp" */;
			buildPhases = (
				F39FC6962A65883300C977F7 /* Sources */,
				F39FC6972A65883300C977F7 /* Frameworks */,
				F39FC6982A65883300C977F7 /* Resources */,
			);
			buildRules = (
			);
			dependencies = (
			);
			name = antenna_mvp;
			productName = antenna_mvp;
			productReference = F39FC69A2A65883300C977F7 /* antenna_mvp.app */;
			productType = "com.apple.product-type.application";
		};
		F39FC6A92A65883900C977F7 /* antenna_mvpTests */ = {
			isa = PBXNativeTarget;
			buildConfigurationList = F39FC6C12A65883900C977F7 /* Build configuration list for PBXNativeTarget "antenna_mvpTests" */;
			buildPhases = (
				F39FC6A62A65883900C977F7 /* Sources */,
				F39FC6A72A65883900C977F7 /* Frameworks */,
				F39FC6A82A65883900C977F7 /* Resources */,
			);
			buildRules = (
			);
			dependencies = (
				F39FC6AC2A65883900C977F7 /* PBXTargetDependency */,
			);
			name = antenna_mvpTests;
			productName = antenna_mvpTests;
			productReference = F39FC6AA2A65883900C977F7 /* antenna_mvpTests.xctest */;
			productType = "com.apple.product-type.bundle.unit-test";
		};
		F39FC6B32A65883900C977F7 /* antenna_mvpUITests */ = {
			isa = PBXNativeTarget;
			buildConfigurationList = F39FC6C42A65883900C977F7 /* Build configuration list for PBXNativeTarget "antenna_mvpUITests" */;
			buildPhases = (
				F39FC6B02A65883900C977F7 /* Sources */,
				F39FC6B12A65883900C977F7 /* Frameworks */,
				F39FC6B22A65883900C977F7 /* Resources */,
			);
			buildRules = (
			);
			dependencies = (
				F39FC6B62A65883900C977F7 /* PBXTargetDependency */,
			);
			name = antenna_mvpUITests;
			productName = antenna_mvpUITests;
			productReference = F39FC6B42A65883900C977F7 /* antenna_mvpUITests.xctest */;
			productType = "com.apple.product-type.bundle.ui-testing";
		};
/* End PBXNativeTarget section */

/* Begin PBXProject section */
		F39FC6922A65883300C977F7 /* Project object */ = {
			isa = PBXProject;
			attributes = {
				BuildIndependentTargetsInParallel = 1;
				LastSwiftUpdateCheck = 1430;
				LastUpgradeCheck = 1430;
				TargetAttributes = {
					F39FC6992A65883300C977F7 = {
						CreatedOnToolsVersion = 14.3.1;
					};
					F39FC6A92A65883900C977F7 = {
						CreatedOnToolsVersion = 14.3.1;
						TestTargetID = F39FC6992A65883300C977F7;
					};
					F39FC6B32A65883900C977F7 = {
						CreatedOnToolsVersion = 14.3.1;
						TestTargetID = F39FC6992A65883300C977F7;
					};
				};
			};
			buildConfigurationList = F39FC6952A65883300C977F7 /* Build configuration list for PBXProject "antenna_mvp" */;
			compatibilityVersion = "Xcode 14.0";
			developmentRegion = en;
			hasScannedForEncodings = 0;
			knownRegions = (
				en,
				Base,
			);
			mainGroup = F39FC6912A65883300C977F7;
			productRefGroup = F39FC69B2A65883300C977F7 /* Products */;
			projectDirPath = "";
			projectRoot = "";
			targets = (
				F39FC6992A65883300C977F7 /* antenna_mvp */,
				F39FC6A92A65883900C977F7 /* antenna_mvpTests */,
				F39FC6B32A65883900C977F7 /* antenna_mvpUITests */,
			);
		};
/* End PBXProject section */

/* Begin PBXResourcesBuildPhase section */
		F39FC6982A65883300C977F7 /* Resources */ = {
			isa = PBXResourcesBuildPhase;
			buildActionMask = 2147483647;
			files = (
				F39FC6A52A65883800C977F7 /* Preview Assets.xcassets in Resources */,
				F39FC6A22A65883800C977F7 /* Assets.xcassets in Resources */,
			);
			runOnlyForDeploymentPostprocessing = 0;
		};
		F39FC6A82A65883900C977F7 /* Resources */ = {
			isa = PBXResourcesBuildPhase;
			buildActionMask = 2147483647;
			files = (
			);
			runOnlyForDeploymentPostprocessing = 0;
		};
		F39FC6B22A65883900C977F7 /* Resources */ = {
			isa = PBXResourcesBuildPhase;
			buildActionMask = 2147483647;
			files = (
			);
			runOnlyForDeploymentPostprocessing = 0;
		};
/* End PBXResourcesBuildPhase section */

/* Begin PBXSourcesBuildPhase section */
		F39FC6962A65883300C977F7 /* Sources */ = {
			isa = PBXSourcesBuildPhase;
			buildActionMask = 2147483647;
			files = (
				F3A3775E2A74D27800670B5D /* ViewA.swift in Sources */,
				F3A377602A74D28000670B5D /* ViewB.swift in Sources */,
				F39FC6A02A65883300C977F7 /* ContentView.swift in Sources */,
				F3A3775A2A74D22F00670B5D /* Finding.swift in Sources */,
				F3A3775C2A74D25E00670B5D /* PartialCornerRadius.swift in Sources */,
				F3A377622A74D28800670B5D /* ViewC.swift in Sources */,
				F39FC69E2A65883300C977F7 /* antenna_mvpApp.swift in Sources */,
			);
			runOnlyForDeploymentPostprocessing = 0;
		};
		F39FC6A62A65883900C977F7 /* Sources */ = {
			isa = PBXSourcesBuildPhase;
			buildActionMask = 2147483647;
			files = (
				F39FC6AF2A65883900C977F7 /* antenna_mvpTests.swift in Sources */,
			);
			runOnlyForDeploymentPostprocessing = 0;
		};
		F39FC6B02A65883900C977F7 /* Sources */ = {
			isa = PBXSourcesBuildPhase;
			buildActionMask = 2147483647;
			files = (
				F39FC6BB2A65883900C977F7 /* antenna_mvpUITestsLaunchTests.swift in Sources */,
				F39FC6B92A65883900C977F7 /* antenna_mvpUITests.swift in Sources */,
			);
			runOnlyForDeploymentPostprocessing = 0;
		};
/* End PBXSourcesBuildPhase section */

/* Begin PBXTargetDependency section */
		F39FC6AC2A65883900C977F7 /* PBXTargetDependency */ = {
			isa = PBXTargetDependency;
			target = F39FC6992A65883300C977F7 /* antenna_mvp */;
			targetProxy = F39FC6AB2A65883900C977F7 /* PBXContainerItemProxy */;
		};
		F39FC6B62A65883900C977F7 /* PBXTargetDependency */ = {
			isa = PBXTargetDependency;
			target = F39FC6992A65883300C977F7 /* antenna_mvp */;
			targetProxy = F39FC6B52A65883900C977F7 /* PBXContainerItemProxy */;
		};
/* End PBXTargetDependency section */

/* Begin XCBuildConfiguration section */
		F39FC6BC2A65883900C977F7 /* Debug */ = {
			isa = XCBuildConfiguration;
			buildSettings = {
				ALWAYS_SEARCH_USER_PATHS = NO;
				CLANG_ANALYZER_NONNULL = YES;
				CLANG_ANALYZER_NUMBER_OBJECT_CONVERSION = YES_AGGRESSIVE;
				CLANG_CXX_LANGUAGE_STANDARD = "gnu++20";
				CLANG_ENABLE_MODULES = YES;
				CLANG_ENABLE_OBJC_ARC = YES;
				CLANG_ENABLE_OBJC_WEAK = YES;
				CLANG_WARN_BLOCK_CAPTURE_AUTORELEASING = YES;
				CLANG_WARN_BOOL_CONVERSION = YES;
				CLANG_WARN_COMMA = YES;
				CLANG_WARN_CONSTANT_CONVERSION = YES;
				CLANG_WARN_DEPRECATED_OBJC_IMPLEMENTATIONS = YES;
				CLANG_WARN_DIRECT_OBJC_ISA_USAGE = YES_ERROR;
				CLANG_WARN_DOCUMENTATION_COMMENTS = YES;
				CLANG_WARN_EMPTY_BODY = YES;
				CLANG_WARN_ENUM_CONVERSION = YES;
				CLANG_WARN_INFINITE_RECURSION = YES;
				CLANG_WARN_INT_CONVERSION = YES;
				CLANG_WARN_NON_LITERAL_NULL_CONVERSION = YES;
				CLANG_WARN_OBJC_IMPLICIT_RETAIN_SELF = YES;
				CLANG_WARN_OBJC_LITERAL_CONVERSION = YES;
				CLANG_WARN_OBJC_ROOT_CLASS = YES_ERROR;
				CLANG_WARN_QUOTED_INCLUDE_IN_FRAMEWORK_HEADER = YES;
				CLANG_WARN_RANGE_LOOP_ANALYSIS = YES;
				CLANG_WARN_STRICT_PROTOTYPES = YES;
				CLANG_WARN_SUSPICIOUS_MOVE = YES;
				CLANG_WARN_UNGUARDED_AVAILABILITY = YES_AGGRESSIVE;
				CLANG_WARN_UNREACHABLE_CODE = YES;
				CLANG_WARN__DUPLICATE_METHOD_MATCH = YES;
				COPY_PHASE_STRIP = NO;
				DEBUG_INFORMATION_FORMAT = dwarf;
				ENABLE_STRICT_OBJC_MSGSEND = YES;
				ENABLE_TESTABILITY = YES;
				GCC_C_LANGUAGE_STANDARD = gnu11;
				GCC_DYNAMIC_NO_PIC = NO;
				GCC_NO_COMMON_BLOCKS = YES;
				GCC_OPTIMIZATION_LEVEL = 0;
				GCC_PREPROCESSOR_DEFINITIONS = (
					"DEBUG=1",
					"$(inherited)",
				);
				GCC_WARN_64_TO_32_BIT_CONVERSION = YES;
				GCC_WARN_ABOUT_RETURN_TYPE = YES_ERROR;
				GCC_WARN_UNDECLARED_SELECTOR = YES;
				GCC_WARN_UNINITIALIZED_AUTOS = YES_AGGRESSIVE;
				GCC_WARN_UNUSED_FUNCTION = YES;
				GCC_WARN_UNUSED_VARIABLE = YES;
				IPHONEOS_DEPLOYMENT_TARGET = 16.4;
				MTL_ENABLE_DEBUG_INFO = INCLUDE_SOURCE;
				MTL_FAST_MATH = YES;
				ONLY_ACTIVE_ARCH = YES;
				SDKROOT = iphoneos;
				SWIFT_ACTIVE_COMPILATION_CONDITIONS = DEBUG;
				SWIFT_OPTIMIZATION_LEVEL = "-Onone";
			};
			name = Debug;
		};
		F39FC6BD2A65883900C977F7 /* Release */ = {
			isa = XCBuildConfiguration;
			buildSettings = {
				ALWAYS_SEARCH_USER_PATHS = NO;
				CLANG_ANALYZER_NONNULL = YES;
				CLANG_ANALYZER_NUMBER_OBJECT_CONVERSION = YES_AGGRESSIVE;
				CLANG_CXX_LANGUAGE_STANDARD = "gnu++20";
				CLANG_ENABLE_MODULES = YES;
				CLANG_ENABLE_OBJC_ARC = YES;
				CLANG_ENABLE_OBJC_WEAK = YES;
				CLANG_WARN_BLOCK_CAPTURE_AUTORELEASING = YES;
				CLANG_WARN_BOOL_CONVERSION = YES;
				CLANG_WARN_COMMA = YES;
				CLANG_WARN_CONSTANT_CONVERSION = YES;
				CLANG_WARN_DEPRECATED_OBJC_IMPLEMENTATIONS = YES;
				CLANG_WARN_DIRECT_OBJC_ISA_USAGE = YES_ERROR;
				CLANG_WARN_DOCUMENTATION_COMMENTS = YES;
				CLANG_WARN_EMPTY_BODY = YES;
				CLANG_WARN_ENUM_CONVERSION = YES;
				CLANG_WARN_INFINITE_RECURSION = YES;
				CLANG_WARN_INT_CONVERSION = YES;
				CLANG_WARN_NON_LITERAL_NULL_CONVERSION = YES;
				CLANG_WARN_OBJC_IMPLICIT_RETAIN_SELF = YES;
				CLANG_WARN_OBJC_LITERAL_CONVERSION = YES;
				CLANG_WARN_OBJC_ROOT_CLASS = YES_ERROR;
				CLANG_WARN_QUOTED_INCLUDE_IN_FRAMEWORK_HEADER = YES;
				CLANG_WARN_RANGE_LOOP_ANALYSIS = YES;
				CLANG_WARN_STRICT_PROTOTYPES = YES;
				CLANG_WARN_SUSPICIOUS_MOVE = YES;
				CLANG_WARN_UNGUARDED_AVAILABILITY = YES_AGGRESSIVE;
				CLANG_WARN_UNREACHABLE_CODE = YES;
				CLANG_WARN__DUPLICATE_METHOD_MATCH = YES;
				COPY_PHASE_STRIP = NO;
				DEBUG_INFORMATION_FORMAT = "dwarf-with-dsym";
				ENABLE_NS_ASSERTIONS = NO;
				ENABLE_STRICT_OBJC_MSGSEND = YES;
				GCC_C_LANGUAGE_STANDARD = gnu11;
				GCC_NO_COMMON_BLOCKS = YES;
				GCC_WARN_64_TO_32_BIT_CONVERSION = YES;
				GCC_WARN_ABOUT_RETURN_TYPE = YES_ERROR;
				GCC_WARN_UNDECLARED_SELECTOR = YES;
				GCC_WARN_UNINITIALIZED_AUTOS = YES_AGGRESSIVE;
				GCC_WARN_UNUSED_FUNCTION = YES;
				GCC_WARN_UNUSED_VARIABLE = YES;
				IPHONEOS_DEPLOYMENT_TARGET = 16.4;
				MTL_ENABLE_DEBUG_INFO = NO;
				MTL_FAST_MATH = YES;
				SDKROOT = iphoneos;
				SWIFT_COMPILATION_MODE = wholemodule;
				SWIFT_OPTIMIZATION_LEVEL = "-O";
				VALIDATE_PRODUCT = YES;
			};
			name = Release;
		};
		F39FC6BF2A65883900C977F7 /* Debug */ = {
			isa = XCBuildConfiguration;
			buildSettings = {
				ASSETCATALOG_COMPILER_APPICON_NAME = AppIcon;
				ASSETCATALOG_COMPILER_GLOBAL_ACCENT_COLOR_NAME = AccentColor;
				CODE_SIGN_STYLE = Automatic;
				CURRENT_PROJECT_VERSION = 1;
				DEVELOPMENT_ASSET_PATHS = "\"antenna_mvp/Preview Content\"";
				ENABLE_PREVIEWS = YES;
				GENERATE_INFOPLIST_FILE = YES;
				INFOPLIST_KEY_UIApplicationSceneManifest_Generation = YES;
				INFOPLIST_KEY_UIApplicationSupportsIndirectInputEvents = YES;
				INFOPLIST_KEY_UILaunchScreen_Generation = YES;
				INFOPLIST_KEY_UISupportedInterfaceOrientations_iPad = "UIInterfaceOrientationPortrait UIInterfaceOrientationPortraitUpsideDown UIInterfaceOrientationLandscapeLeft UIInterfaceOrientationLandscapeRight";
				INFOPLIST_KEY_UISupportedInterfaceOrientations_iPhone = "UIInterfaceOrientationPortrait UIInterfaceOrientationLandscapeLeft UIInterfaceOrientationLandscapeRight";
				LD_RUNPATH_SEARCH_PATHS = (
					"$(inherited)",
					"@executable_path/Frameworks",
				);
				MARKETING_VERSION = 1.0;
				PRODUCT_BUNDLE_IDENTIFIER = "IOS.antenna-mvp";
				PRODUCT_NAME = "$(TARGET_NAME)";
				SWIFT_EMIT_LOC_STRINGS = YES;
				SWIFT_VERSION = 5.0;
				TARGETED_DEVICE_FAMILY = "1,2";
			};
			name = Debug;
		};
		F39FC6C02A65883900C977F7 /* Release */ = {
			isa = XCBuildConfiguration;
			buildSettings = {
				ASSETCATALOG_COMPILER_APPICON_NAME = AppIcon;
				ASSETCATALOG_COMPILER_GLOBAL_ACCENT_COLOR_NAME = AccentColor;
				CODE_SIGN_STYLE = Automatic;
				CURRENT_PROJECT_VERSION = 1;
				DEVELOPMENT_ASSET_PATHS = "\"antenna_mvp/Preview Content\"";
				ENABLE_PREVIEWS = YES;
				GENERATE_INFOPLIST_FILE = YES;
				INFOPLIST_KEY_UIApplicationSceneManifest_Generation = YES;
				INFOPLIST_KEY_UIApplicationSupportsIndirectInputEvents = YES;
				INFOPLIST_KEY_UILaunchScreen_Generation = YES;
				INFOPLIST_KEY_UISupportedInterfaceOrientations_iPad = "UIInterfaceOrientationPortrait UIInterfaceOrientationPortraitUpsideDown UIInterfaceOrientationLandscapeLeft UIInterfaceOrientationLandscapeRight";
				INFOPLIST_KEY_UISupportedInterfaceOrientations_iPhone = "UIInterfaceOrientationPortrait UIInterfaceOrientationLandscapeLeft UIInterfaceOrientationLandscapeRight";
				LD_RUNPATH_SEARCH_PATHS = (
					"$(inherited)",
					"@executable_path/Frameworks",
				);
				MARKETING_VERSION = 1.0;
				PRODUCT_BUNDLE_IDENTIFIER = "IOS.antenna-mvp";
				PRODUCT_NAME = "$(TARGET_NAME)";
				SWIFT_EMIT_LOC_STRINGS = YES;
				SWIFT_VERSION = 5.0;
				TARGETED_DEVICE_FAMILY = "1,2";
			};
			name = Release;
		};
		F39FC6C22A65883900C977F7 /* Debug */ = {
			isa = XCBuildConfiguration;
			buildSettings = {
				ALWAYS_EMBED_SWIFT_STANDARD_LIBRARIES = YES;
				BUNDLE_LOADER = "$(TEST_HOST)";
				CODE_SIGN_STYLE = Automatic;
				CURRENT_PROJECT_VERSION = 1;
				GENERATE_INFOPLIST_FILE = YES;
				IPHONEOS_DEPLOYMENT_TARGET = 16.4;
				MARKETING_VERSION = 1.0;
				PRODUCT_BUNDLE_IDENTIFIER = "IOS.antenna-mvpTests";
				PRODUCT_NAME = "$(TARGET_NAME)";
				SWIFT_EMIT_LOC_STRINGS = NO;
				SWIFT_VERSION = 5.0;
				TARGETED_DEVICE_FAMILY = "1,2";
				TEST_HOST = "$(BUILT_PRODUCTS_DIR)/antenna_mvp.app/$(BUNDLE_EXECUTABLE_FOLDER_PATH)/antenna_mvp";
			};
			name = Debug;
		};
		F39FC6C32A65883900C977F7 /* Release */ = {
			isa = XCBuildConfiguration;
			buildSettings = {
				ALWAYS_EMBED_SWIFT_STANDARD_LIBRARIES = YES;
				BUNDLE_LOADER = "$(TEST_HOST)";
				CODE_SIGN_STYLE = Automatic;
				CURRENT_PROJECT_VERSION = 1;
				GENERATE_INFOPLIST_FILE = YES;
				IPHONEOS_DEPLOYMENT_TARGET = 16.4;
				MARKETING_VERSION = 1.0;
				PRODUCT_BUNDLE_IDENTIFIER = "IOS.antenna-mvpTests";
				PRODUCT_NAME = "$(TARGET_NAME)";
				SWIFT_EMIT_LOC_STRINGS = NO;
				SWIFT_VERSION = 5.0;
				TARGETED_DEVICE_FAMILY = "1,2";
				TEST_HOST = "$(BUILT_PRODUCTS_DIR)/antenna_mvp.app/$(BUNDLE_EXECUTABLE_FOLDER_PATH)/antenna_mvp";
			};
			name = Release;
		};
		F39FC6C52A65883900C977F7 /* Debug */ = {
			isa = XCBuildConfiguration;
			buildSettings = {
				ALWAYS_EMBED_SWIFT_STANDARD_LIBRARIES = YES;
				CODE_SIGN_STYLE = Automatic;
				CURRENT_PROJECT_VERSION = 1;
				GENERATE_INFOPLIST_FILE = YES;
				MARKETING_VERSION = 1.0;
				PRODUCT_BUNDLE_IDENTIFIER = "IOS.antenna-mvpUITests";
				PRODUCT_NAME = "$(TARGET_NAME)";
				SWIFT_EMIT_LOC_STRINGS = NO;
				SWIFT_VERSION = 5.0;
				TARGETED_DEVICE_FAMILY = "1,2";
				TEST_TARGET_NAME = antenna_mvp;
			};
			name = Debug;
		};
		F39FC6C62A65883900C977F7 /* Release */ = {
			isa = XCBuildConfiguration;
			buildSettings = {
				ALWAYS_EMBED_SWIFT_STANDARD_LIBRARIES = YES;
				CODE_SIGN_STYLE = Automatic;
				CURRENT_PROJECT_VERSION = 1;
				GENERATE_INFOPLIST_FILE = YES;
				MARKETING_VERSION = 1.0;
				PRODUCT_BUNDLE_IDENTIFIER = "IOS.antenna-mvpUITests";
				PRODUCT_NAME = "$(TARGET_NAME)";
				SWIFT_EMIT_LOC_STRINGS = NO;
				SWIFT_VERSION = 5.0;
				TARGETED_DEVICE_FAMILY = "1,2";
				TEST_TARGET_NAME = antenna_mvp;
			};
			name = Release;
		};
/* End XCBuildConfiguration section */

/* Begin XCConfigurationList section */
		F39FC6952A65883300C977F7 /* Build configuration list for PBXProject "antenna_mvp" */ = {
			isa = XCConfigurationList;
			buildConfigurations = (
				F39FC6BC2A65883900C977F7 /* Debug */,
				F39FC6BD2A65883900C977F7 /* Release */,
			);
			defaultConfigurationIsVisible = 0;
			defaultConfigurationName = Release;
		};
		F39FC6BE2A65883900C977F7 /* Build configuration list for PBXNativeTarget "antenna_mvp" */ = {
			isa = XCConfigurationList;
			buildConfigurations = (
				F39FC6BF2A65883900C977F7 /* Debug */,
				F39FC6C02A65883900C977F7 /* Release */,
			);
			defaultConfigurationIsVisible = 0;
			defaultConfigurationName = Release;
		};
		F39FC6C12A65883900C977F7 /* Build configuration list for PBXNativeTarget "antenna_mvpTests" */ = {
			isa = XCConfigurationList;
			buildConfigurations = (
				F39FC6C22A65883900C977F7 /* Debug */,
				F39FC6C32A65883900C977F7 /* Release */,
			);
			defaultConfigurationIsVisible = 0;
			defaultConfigurationName = Release;
		};
		F39FC6C42A65883900C977F7 /* Build configuration list for PBXNativeTarget "antenna_mvpUITests" */ = {
			isa = XCConfigurationList;
			buildConfigurations = (
				F39FC6C52A65883900C977F7 /* Debug */,
				F39FC6C62A65883900C977F7 /* Release */,
			);
			defaultConfigurationIsVisible = 0;
			defaultConfigurationName = Release;
		};
/* End XCConfigurationList section */
	};
	rootObject = F39FC6922A65883300C977F7 /* Project object */;
}
