// !$*UTF8*$!
{
	archiveVersion = 1;
	classes = {
	};
	objectVersion = 56;
	objects = {

/* Begin PBXBuildFile section */
		C9B49F8E2A5EAD5400F8966E /* Colors.swift in Sources */ = {isa = PBXBuildFile; fileRef = C9B49F8D2A5EAD5400F8966E /* Colors.swift */; };
		C9B49F902A5EAD8600F8966E /* Colors+Extensions.swift in Sources */ = {isa = PBXBuildFile; fileRef = C9B49F8F2A5EAD8600F8966E /* Colors+Extensions.swift */; };
		C9B49F922A5EADB400F8966E /* Modifiers.swift in Sources */ = {isa = PBXBuildFile; fileRef = C9B49F912A5EADB400F8966E /* Modifiers.swift */; };
		C9B49F942A5EADDA00F8966E /* Modifiers+Extensions.swift in Sources */ = {isa = PBXBuildFile; fileRef = C9B49F932A5EADDA00F8966E /* Modifiers+Extensions.swift */; };
		C9B49F962A5EAE1500F8966E /* Paddings+Extensions.swift in Sources */ = {isa = PBXBuildFile; fileRef = C9B49F952A5EAE1500F8966E /* Paddings+Extensions.swift */; };
		F34566B12A55A75100C160C6 /* antennaApp.swift in Sources */ = {isa = PBXBuildFile; fileRef = F34566B02A55A75100C160C6 /* antennaApp.swift */; };
		F34566B32A55A75100C160C6 /* ContentView.swift in Sources */ = {isa = PBXBuildFile; fileRef = F34566B22A55A75100C160C6 /* ContentView.swift */; };
		F34566B52A55A75400C160C6 /* Assets.xcassets in Resources */ = {isa = PBXBuildFile; fileRef = F34566B42A55A75400C160C6 /* Assets.xcassets */; };
		F34566B82A55A75400C160C6 /* Preview Assets.xcassets in Resources */ = {isa = PBXBuildFile; fileRef = F34566B72A55A75400C160C6 /* Preview Assets.xcassets */; };
		F34566C22A55A75400C160C6 /* antennaTests.swift in Sources */ = {isa = PBXBuildFile; fileRef = F34566C12A55A75400C160C6 /* antennaTests.swift */; };
		F34566CC2A55A75400C160C6 /* antennaUITests.swift in Sources */ = {isa = PBXBuildFile; fileRef = F34566CB2A55A75400C160C6 /* antennaUITests.swift */; };
		F34566CE2A55A75400C160C6 /* antennaUITestsLaunchTests.swift in Sources */ = {isa = PBXBuildFile; fileRef = F34566CD2A55A75400C160C6 /* antennaUITestsLaunchTests.swift */; };
		F38B56352A57DC200091A6AF /* MyList.swift in Sources */ = {isa = PBXBuildFile; fileRef = F38B56342A57DC200091A6AF /* MyList.swift */; };
		F38B56372A57E2B90091A6AF /* MyCard.swift in Sources */ = {isa = PBXBuildFile; fileRef = F38B56362A57E2B90091A6AF /* MyCard.swift */; };
		F39A72CA2A565A7C000AFA32 /* MyButtonStyle.swift in Sources */ = {isa = PBXBuildFile; fileRef = F39A72C92A565A7C000AFA32 /* MyButtonStyle.swift */; };
		F39A72CC2A565EBC000AFA32 /* ViewA.swift in Sources */ = {isa = PBXBuildFile; fileRef = F39A72CB2A565EBC000AFA32 /* ViewA.swift */; };
		F39A72CE2A565EC6000AFA32 /* ViewB.swift in Sources */ = {isa = PBXBuildFile; fileRef = F39A72CD2A565EC6000AFA32 /* ViewB.swift */; };
		F39A72D02A565ED3000AFA32 /* ViewC.swift in Sources */ = {isa = PBXBuildFile; fileRef = F39A72CF2A565ED3000AFA32 /* ViewC.swift */; };
/* End PBXBuildFile section */

/* Begin PBXContainerItemProxy section */
		F34566BE2A55A75400C160C6 /* PBXContainerItemProxy */ = {
			isa = PBXContainerItemProxy;
			containerPortal = F34566A52A55A75100C160C6 /* Project object */;
			proxyType = 1;
			remoteGlobalIDString = F34566AC2A55A75100C160C6;
			remoteInfo = antenna;
		};
		F34566C82A55A75400C160C6 /* PBXContainerItemProxy */ = {
			isa = PBXContainerItemProxy;
			containerPortal = F34566A52A55A75100C160C6 /* Project object */;
			proxyType = 1;
			remoteGlobalIDString = F34566AC2A55A75100C160C6;
			remoteInfo = antenna;
		};
/* End PBXContainerItemProxy section */

/* Begin PBXFileReference section */
		C9B49F8D2A5EAD5400F8966E /* Colors.swift */ = {isa = PBXFileReference; lastKnownFileType = sourcecode.swift; path = Colors.swift; sourceTree = "<group>"; };
		C9B49F8F2A5EAD8600F8966E /* Colors+Extensions.swift */ = {isa = PBXFileReference; lastKnownFileType = sourcecode.swift; path = "Colors+Extensions.swift"; sourceTree = "<group>"; };
		C9B49F912A5EADB400F8966E /* Modifiers.swift */ = {isa = PBXFileReference; lastKnownFileType = sourcecode.swift; path = Modifiers.swift; sourceTree = "<group>"; };
		C9B49F932A5EADDA00F8966E /* Modifiers+Extensions.swift */ = {isa = PBXFileReference; lastKnownFileType = sourcecode.swift; path = "Modifiers+Extensions.swift"; sourceTree = "<group>"; };
		C9B49F952A5EAE1500F8966E /* Paddings+Extensions.swift */ = {isa = PBXFileReference; lastKnownFileType = sourcecode.swift; path = "Paddings+Extensions.swift"; sourceTree = "<group>"; };
		F34566AD2A55A75100C160C6 /* antenna.app */ = {isa = PBXFileReference; explicitFileType = wrapper.application; includeInIndex = 0; path = antenna.app; sourceTree = BUILT_PRODUCTS_DIR; };
		F34566B02A55A75100C160C6 /* antennaApp.swift */ = {isa = PBXFileReference; lastKnownFileType = sourcecode.swift; path = antennaApp.swift; sourceTree = "<group>"; };
		F34566B22A55A75100C160C6 /* ContentView.swift */ = {isa = PBXFileReference; lastKnownFileType = sourcecode.swift; path = ContentView.swift; sourceTree = "<group>"; };
		F34566B42A55A75400C160C6 /* Assets.xcassets */ = {isa = PBXFileReference; lastKnownFileType = folder.assetcatalog; path = Assets.xcassets; sourceTree = "<group>"; };
		F34566B72A55A75400C160C6 /* Preview Assets.xcassets */ = {isa = PBXFileReference; lastKnownFileType = folder.assetcatalog; path = "Preview Assets.xcassets"; sourceTree = "<group>"; };
		F34566BD2A55A75400C160C6 /* antennaTests.xctest */ = {isa = PBXFileReference; explicitFileType = wrapper.cfbundle; includeInIndex = 0; path = antennaTests.xctest; sourceTree = BUILT_PRODUCTS_DIR; };
		F34566C12A55A75400C160C6 /* antennaTests.swift */ = {isa = PBXFileReference; lastKnownFileType = sourcecode.swift; path = antennaTests.swift; sourceTree = "<group>"; };
		F34566C72A55A75400C160C6 /* antennaUITests.xctest */ = {isa = PBXFileReference; explicitFileType = wrapper.cfbundle; includeInIndex = 0; path = antennaUITests.xctest; sourceTree = BUILT_PRODUCTS_DIR; };
		F34566CB2A55A75400C160C6 /* antennaUITests.swift */ = {isa = PBXFileReference; lastKnownFileType = sourcecode.swift; path = antennaUITests.swift; sourceTree = "<group>"; };
		F34566CD2A55A75400C160C6 /* antennaUITestsLaunchTests.swift */ = {isa = PBXFileReference; lastKnownFileType = sourcecode.swift; path = antennaUITestsLaunchTests.swift; sourceTree = "<group>"; };
		F38B56342A57DC200091A6AF /* MyList.swift */ = {isa = PBXFileReference; lastKnownFileType = sourcecode.swift; path = MyList.swift; sourceTree = "<group>"; };
		F38B56362A57E2B90091A6AF /* MyCard.swift */ = {isa = PBXFileReference; lastKnownFileType = sourcecode.swift; path = MyCard.swift; sourceTree = "<group>"; };
		F39A72C92A565A7C000AFA32 /* MyButtonStyle.swift */ = {isa = PBXFileReference; lastKnownFileType = sourcecode.swift; path = MyButtonStyle.swift; sourceTree = "<group>"; };
		F39A72CB2A565EBC000AFA32 /* ViewA.swift */ = {isa = PBXFileReference; lastKnownFileType = sourcecode.swift; path = ViewA.swift; sourceTree = "<group>"; };
		F39A72CD2A565EC6000AFA32 /* ViewB.swift */ = {isa = PBXFileReference; lastKnownFileType = sourcecode.swift; path = ViewB.swift; sourceTree = "<group>"; };
		F39A72CF2A565ED3000AFA32 /* ViewC.swift */ = {isa = PBXFileReference; lastKnownFileType = sourcecode.swift; path = ViewC.swift; sourceTree = "<group>"; };
/* End PBXFileReference section */

/* Begin PBXFrameworksBuildPhase section */
		F34566AA2A55A75100C160C6 /* Frameworks */ = {
			isa = PBXFrameworksBuildPhase;
			buildActionMask = 2147483647;
			files = (
			);
			runOnlyForDeploymentPostprocessing = 0;
		};
		F34566BA2A55A75400C160C6 /* Frameworks */ = {
			isa = PBXFrameworksBuildPhase;
			buildActionMask = 2147483647;
			files = (
			);
			runOnlyForDeploymentPostprocessing = 0;
		};
		F34566C42A55A75400C160C6 /* Frameworks */ = {
			isa = PBXFrameworksBuildPhase;
			buildActionMask = 2147483647;
			files = (
			);
			runOnlyForDeploymentPostprocessing = 0;
		};
/* End PBXFrameworksBuildPhase section */

/* Begin PBXGroup section */
		C9B49F8C2A5EAD4000F8966E /* DesignSystem */ = {
			isa = PBXGroup;
			children = (
				C9B49F8D2A5EAD5400F8966E /* Colors.swift */,
				C9B49F8F2A5EAD8600F8966E /* Colors+Extensions.swift */,
				C9B49F912A5EADB400F8966E /* Modifiers.swift */,
				C9B49F932A5EADDA00F8966E /* Modifiers+Extensions.swift */,
				C9B49F952A5EAE1500F8966E /* Paddings+Extensions.swift */,
			);
			path = DesignSystem;
			sourceTree = "<group>";
		};
		F34566A42A55A75100C160C6 = {
			isa = PBXGroup;
			children = (
				F34566AF2A55A75100C160C6 /* antenna */,
				F34566C02A55A75400C160C6 /* antennaTests */,
				F34566CA2A55A75400C160C6 /* antennaUITests */,
				F34566AE2A55A75100C160C6 /* Products */,
			);
			sourceTree = "<group>";
		};
		F34566AE2A55A75100C160C6 /* Products */ = {
			isa = PBXGroup;
			children = (
				F34566AD2A55A75100C160C6 /* antenna.app */,
				F34566BD2A55A75400C160C6 /* antennaTests.xctest */,
				F34566C72A55A75400C160C6 /* antennaUITests.xctest */,
			);
			name = Products;
			sourceTree = "<group>";
		};
		F34566AF2A55A75100C160C6 /* antenna */ = {
			isa = PBXGroup;
			children = (
				C9B49F8C2A5EAD4000F8966E /* DesignSystem */,
				F39A72D12A565EEE000AFA32 /* View */,
				F34566B02A55A75100C160C6 /* antennaApp.swift */,
				F34566B22A55A75100C160C6 /* ContentView.swift */,
				F39A72C92A565A7C000AFA32 /* MyButtonStyle.swift */,
				F38B56362A57E2B90091A6AF /* MyCard.swift */,
				F38B56342A57DC200091A6AF /* MyList.swift */,
				F34566B42A55A75400C160C6 /* Assets.xcassets */,
				F34566B62A55A75400C160C6 /* Preview Content */,
			);
			path = antenna;
			sourceTree = "<group>";
		};
		F34566B62A55A75400C160C6 /* Preview Content */ = {
			isa = PBXGroup;
			children = (
				F34566B72A55A75400C160C6 /* Preview Assets.xcassets */,
			);
			path = "Preview Content";
			sourceTree = "<group>";
		};
		F34566C02A55A75400C160C6 /* antennaTests */ = {
			isa = PBXGroup;
			children = (
				F34566C12A55A75400C160C6 /* antennaTests.swift */,
			);
			path = antennaTests;
			sourceTree = "<group>";
		};
		F34566CA2A55A75400C160C6 /* antennaUITests */ = {
			isa = PBXGroup;
			children = (
				F34566CB2A55A75400C160C6 /* antennaUITests.swift */,
				F34566CD2A55A75400C160C6 /* antennaUITestsLaunchTests.swift */,
			);
			path = antennaUITests;
			sourceTree = "<group>";
		};
		F39A72D12A565EEE000AFA32 /* View */ = {
			isa = PBXGroup;
			children = (
				F39A72CF2A565ED3000AFA32 /* ViewC.swift */,
				F39A72CD2A565EC6000AFA32 /* ViewB.swift */,
				F39A72CB2A565EBC000AFA32 /* ViewA.swift */,
			);
			path = View;
			sourceTree = "<group>";
		};
/* End PBXGroup section */

/* Begin PBXNativeTarget section */
		F34566AC2A55A75100C160C6 /* antenna */ = {
			isa = PBXNativeTarget;
			buildConfigurationList = F34566D12A55A75400C160C6 /* Build configuration list for PBXNativeTarget "antenna" */;
			buildPhases = (
				F34566A92A55A75100C160C6 /* Sources */,
				F34566AA2A55A75100C160C6 /* Frameworks */,
				F34566AB2A55A75100C160C6 /* Resources */,
			);
			buildRules = (
			);
			dependencies = (
			);
			name = antenna;
			productName = antenna;
			productReference = F34566AD2A55A75100C160C6 /* antenna.app */;
			productType = "com.apple.product-type.application";
		};
		F34566BC2A55A75400C160C6 /* antennaTests */ = {
			isa = PBXNativeTarget;
			buildConfigurationList = F34566D42A55A75400C160C6 /* Build configuration list for PBXNativeTarget "antennaTests" */;
			buildPhases = (
				F34566B92A55A75400C160C6 /* Sources */,
				F34566BA2A55A75400C160C6 /* Frameworks */,
				F34566BB2A55A75400C160C6 /* Resources */,
			);
			buildRules = (
			);
			dependencies = (
				F34566BF2A55A75400C160C6 /* PBXTargetDependency */,
			);
			name = antennaTests;
			productName = antennaTests;
			productReference = F34566BD2A55A75400C160C6 /* antennaTests.xctest */;
			productType = "com.apple.product-type.bundle.unit-test";
		};
		F34566C62A55A75400C160C6 /* antennaUITests */ = {
			isa = PBXNativeTarget;
			buildConfigurationList = F34566D72A55A75400C160C6 /* Build configuration list for PBXNativeTarget "antennaUITests" */;
			buildPhases = (
				F34566C32A55A75400C160C6 /* Sources */,
				F34566C42A55A75400C160C6 /* Frameworks */,
				F34566C52A55A75400C160C6 /* Resources */,
			);
			buildRules = (
			);
			dependencies = (
				F34566C92A55A75400C160C6 /* PBXTargetDependency */,
			);
			name = antennaUITests;
			productName = antennaUITests;
			productReference = F34566C72A55A75400C160C6 /* antennaUITests.xctest */;
			productType = "com.apple.product-type.bundle.ui-testing";
		};
/* End PBXNativeTarget section */

/* Begin PBXProject section */
		F34566A52A55A75100C160C6 /* Project object */ = {
			isa = PBXProject;
			attributes = {
				BuildIndependentTargetsInParallel = 1;
				LastSwiftUpdateCheck = 1430;
				LastUpgradeCheck = 1430;
				TargetAttributes = {
					F34566AC2A55A75100C160C6 = {
						CreatedOnToolsVersion = 14.3;
					};
					F34566BC2A55A75400C160C6 = {
						CreatedOnToolsVersion = 14.3;
						TestTargetID = F34566AC2A55A75100C160C6;
					};
					F34566C62A55A75400C160C6 = {
						CreatedOnToolsVersion = 14.3;
						TestTargetID = F34566AC2A55A75100C160C6;
					};
				};
			};
			buildConfigurationList = F34566A82A55A75100C160C6 /* Build configuration list for PBXProject "antenna" */;
			compatibilityVersion = "Xcode 14.0";
			developmentRegion = en;
			hasScannedForEncodings = 0;
			knownRegions = (
				en,
				Base,
			);
			mainGroup = F34566A42A55A75100C160C6;
			productRefGroup = F34566AE2A55A75100C160C6 /* Products */;
			projectDirPath = "";
			projectRoot = "";
			targets = (
				F34566AC2A55A75100C160C6 /* antenna */,
				F34566BC2A55A75400C160C6 /* antennaTests */,
				F34566C62A55A75400C160C6 /* antennaUITests */,
			);
		};
/* End PBXProject section */

/* Begin PBXResourcesBuildPhase section */
		F34566AB2A55A75100C160C6 /* Resources */ = {
			isa = PBXResourcesBuildPhase;
			buildActionMask = 2147483647;
			files = (
				F34566B82A55A75400C160C6 /* Preview Assets.xcassets in Resources */,
				F34566B52A55A75400C160C6 /* Assets.xcassets in Resources */,
			);
			runOnlyForDeploymentPostprocessing = 0;
		};
		F34566BB2A55A75400C160C6 /* Resources */ = {
			isa = PBXResourcesBuildPhase;
			buildActionMask = 2147483647;
			files = (
			);
			runOnlyForDeploymentPostprocessing = 0;
		};
		F34566C52A55A75400C160C6 /* Resources */ = {
			isa = PBXResourcesBuildPhase;
			buildActionMask = 2147483647;
			files = (
			);
			runOnlyForDeploymentPostprocessing = 0;
		};
/* End PBXResourcesBuildPhase section */

/* Begin PBXSourcesBuildPhase section */
		F34566A92A55A75100C160C6 /* Sources */ = {
			isa = PBXSourcesBuildPhase;
			buildActionMask = 2147483647;
			files = (
				F34566B32A55A75100C160C6 /* ContentView.swift in Sources */,
				C9B49F922A5EADB400F8966E /* Modifiers.swift in Sources */,
				C9B49F942A5EADDA00F8966E /* Modifiers+Extensions.swift in Sources */,
				C9B49F8E2A5EAD5400F8966E /* Colors.swift in Sources */,
				F39A72CE2A565EC6000AFA32 /* ViewB.swift in Sources */,
				F39A72CA2A565A7C000AFA32 /* MyButtonStyle.swift in Sources */,
				F39A72CC2A565EBC000AFA32 /* ViewA.swift in Sources */,
				F39A72D02A565ED3000AFA32 /* ViewC.swift in Sources */,
				C9B49F962A5EAE1500F8966E /* Paddings+Extensions.swift in Sources */,
				F38B56352A57DC200091A6AF /* MyList.swift in Sources */,
				F34566B12A55A75100C160C6 /* antennaApp.swift in Sources */,
				F38B56372A57E2B90091A6AF /* MyCard.swift in Sources */,
				C9B49F902A5EAD8600F8966E /* Colors+Extensions.swift in Sources */,
			);
			runOnlyForDeploymentPostprocessing = 0;
		};
		F34566B92A55A75400C160C6 /* Sources */ = {
			isa = PBXSourcesBuildPhase;
			buildActionMask = 2147483647;
			files = (
				F34566C22A55A75400C160C6 /* antennaTests.swift in Sources */,
			);
			runOnlyForDeploymentPostprocessing = 0;
		};
		F34566C32A55A75400C160C6 /* Sources */ = {
			isa = PBXSourcesBuildPhase;
			buildActionMask = 2147483647;
			files = (
				F34566CE2A55A75400C160C6 /* antennaUITestsLaunchTests.swift in Sources */,
				F34566CC2A55A75400C160C6 /* antennaUITests.swift in Sources */,
			);
			runOnlyForDeploymentPostprocessing = 0;
		};
/* End PBXSourcesBuildPhase section */

/* Begin PBXTargetDependency section */
		F34566BF2A55A75400C160C6 /* PBXTargetDependency */ = {
			isa = PBXTargetDependency;
			target = F34566AC2A55A75100C160C6 /* antenna */;
			targetProxy = F34566BE2A55A75400C160C6 /* PBXContainerItemProxy */;
		};
		F34566C92A55A75400C160C6 /* PBXTargetDependency */ = {
			isa = PBXTargetDependency;
			target = F34566AC2A55A75100C160C6 /* antenna */;
			targetProxy = F34566C82A55A75400C160C6 /* PBXContainerItemProxy */;
		};
/* End PBXTargetDependency section */

/* Begin XCBuildConfiguration section */
		F34566CF2A55A75400C160C6 /* Debug */ = {
			isa = XCBuildConfiguration;
			buildSettings = {
				ALWAYS_SEARCH_USER_PATHS = NO;
				CLANG_ANALYZER_NONNULL = YES;
				CLANG_ANALYZER_NUMBER_OBJECT_CONVERSION = YES_AGGRESSIVE;
				CLANG_CXX_LANGUAGE_STANDARD = "gnu++20";
				CLANG_ENABLE_MODULES = YES;
				CLANG_ENABLE_OBJC_ARC = YES;
				CLANG_ENABLE_OBJC_WEAK = YES;
				CLANG_WARN_BLOCK_CAPTURE_AUTORELEASING = YES;
				CLANG_WARN_BOOL_CONVERSION = YES;
				CLANG_WARN_COMMA = YES;
				CLANG_WARN_CONSTANT_CONVERSION = YES;
				CLANG_WARN_DEPRECATED_OBJC_IMPLEMENTATIONS = YES;
				CLANG_WARN_DIRECT_OBJC_ISA_USAGE = YES_ERROR;
				CLANG_WARN_DOCUMENTATION_COMMENTS = YES;
				CLANG_WARN_EMPTY_BODY = YES;
				CLANG_WARN_ENUM_CONVERSION = YES;
				CLANG_WARN_INFINITE_RECURSION = YES;
				CLANG_WARN_INT_CONVERSION = YES;
				CLANG_WARN_NON_LITERAL_NULL_CONVERSION = YES;
				CLANG_WARN_OBJC_IMPLICIT_RETAIN_SELF = YES;
				CLANG_WARN_OBJC_LITERAL_CONVERSION = YES;
				CLANG_WARN_OBJC_ROOT_CLASS = YES_ERROR;
				CLANG_WARN_QUOTED_INCLUDE_IN_FRAMEWORK_HEADER = YES;
				CLANG_WARN_RANGE_LOOP_ANALYSIS = YES;
				CLANG_WARN_STRICT_PROTOTYPES = YES;
				CLANG_WARN_SUSPICIOUS_MOVE = YES;
				CLANG_WARN_UNGUARDED_AVAILABILITY = YES_AGGRESSIVE;
				CLANG_WARN_UNREACHABLE_CODE = YES;
				CLANG_WARN__DUPLICATE_METHOD_MATCH = YES;
				COPY_PHASE_STRIP = NO;
				DEBUG_INFORMATION_FORMAT = dwarf;
				ENABLE_STRICT_OBJC_MSGSEND = YES;
				ENABLE_TESTABILITY = YES;
				GCC_C_LANGUAGE_STANDARD = gnu11;
				GCC_DYNAMIC_NO_PIC = NO;
				GCC_NO_COMMON_BLOCKS = YES;
				GCC_OPTIMIZATION_LEVEL = 0;
				GCC_PREPROCESSOR_DEFINITIONS = (
					"DEBUG=1",
					"$(inherited)",
				);
				GCC_WARN_64_TO_32_BIT_CONVERSION = YES;
				GCC_WARN_ABOUT_RETURN_TYPE = YES_ERROR;
				GCC_WARN_UNDECLARED_SELECTOR = YES;
				GCC_WARN_UNINITIALIZED_AUTOS = YES_AGGRESSIVE;
				GCC_WARN_UNUSED_FUNCTION = YES;
				GCC_WARN_UNUSED_VARIABLE = YES;
				IPHONEOS_DEPLOYMENT_TARGET = 16.4;
				MTL_ENABLE_DEBUG_INFO = INCLUDE_SOURCE;
				MTL_FAST_MATH = YES;
				ONLY_ACTIVE_ARCH = YES;
				SDKROOT = iphoneos;
				SWIFT_ACTIVE_COMPILATION_CONDITIONS = DEBUG;
				SWIFT_OPTIMIZATION_LEVEL = "-Onone";
			};
			name = Debug;
		};
		F34566D02A55A75400C160C6 /* Release */ = {
			isa = XCBuildConfiguration;
			buildSettings = {
				ALWAYS_SEARCH_USER_PATHS = NO;
				CLANG_ANALYZER_NONNULL = YES;
				CLANG_ANALYZER_NUMBER_OBJECT_CONVERSION = YES_AGGRESSIVE;
				CLANG_CXX_LANGUAGE_STANDARD = "gnu++20";
				CLANG_ENABLE_MODULES = YES;
				CLANG_ENABLE_OBJC_ARC = YES;
				CLANG_ENABLE_OBJC_WEAK = YES;
				CLANG_WARN_BLOCK_CAPTURE_AUTORELEASING = YES;
				CLANG_WARN_BOOL_CONVERSION = YES;
				CLANG_WARN_COMMA = YES;
				CLANG_WARN_CONSTANT_CONVERSION = YES;
				CLANG_WARN_DEPRECATED_OBJC_IMPLEMENTATIONS = YES;
				CLANG_WARN_DIRECT_OBJC_ISA_USAGE = YES_ERROR;
				CLANG_WARN_DOCUMENTATION_COMMENTS = YES;
				CLANG_WARN_EMPTY_BODY = YES;
				CLANG_WARN_ENUM_CONVERSION = YES;
				CLANG_WARN_INFINITE_RECURSION = YES;
				CLANG_WARN_INT_CONVERSION = YES;
				CLANG_WARN_NON_LITERAL_NULL_CONVERSION = YES;
				CLANG_WARN_OBJC_IMPLICIT_RETAIN_SELF = YES;
				CLANG_WARN_OBJC_LITERAL_CONVERSION = YES;
				CLANG_WARN_OBJC_ROOT_CLASS = YES_ERROR;
				CLANG_WARN_QUOTED_INCLUDE_IN_FRAMEWORK_HEADER = YES;
				CLANG_WARN_RANGE_LOOP_ANALYSIS = YES;
				CLANG_WARN_STRICT_PROTOTYPES = YES;
				CLANG_WARN_SUSPICIOUS_MOVE = YES;
				CLANG_WARN_UNGUARDED_AVAILABILITY = YES_AGGRESSIVE;
				CLANG_WARN_UNREACHABLE_CODE = YES;
				CLANG_WARN__DUPLICATE_METHOD_MATCH = YES;
				COPY_PHASE_STRIP = NO;
				DEBUG_INFORMATION_FORMAT = "dwarf-with-dsym";
				ENABLE_NS_ASSERTIONS = NO;
				ENABLE_STRICT_OBJC_MSGSEND = YES;
				GCC_C_LANGUAGE_STANDARD = gnu11;
				GCC_NO_COMMON_BLOCKS = YES;
				GCC_WARN_64_TO_32_BIT_CONVERSION = YES;
				GCC_WARN_ABOUT_RETURN_TYPE = YES_ERROR;
				GCC_WARN_UNDECLARED_SELECTOR = YES;
				GCC_WARN_UNINITIALIZED_AUTOS = YES_AGGRESSIVE;
				GCC_WARN_UNUSED_FUNCTION = YES;
				GCC_WARN_UNUSED_VARIABLE = YES;
				IPHONEOS_DEPLOYMENT_TARGET = 16.4;
				MTL_ENABLE_DEBUG_INFO = NO;
				MTL_FAST_MATH = YES;
				SDKROOT = iphoneos;
				SWIFT_COMPILATION_MODE = wholemodule;
				SWIFT_OPTIMIZATION_LEVEL = "-O";
				VALIDATE_PRODUCT = YES;
			};
			name = Release;
		};
		F34566D22A55A75400C160C6 /* Debug */ = {
			isa = XCBuildConfiguration;
			buildSettings = {
				ASSETCATALOG_COMPILER_APPICON_NAME = AppIcon;
				ASSETCATALOG_COMPILER_GLOBAL_ACCENT_COLOR_NAME = AccentColor;
				CODE_SIGN_STYLE = Automatic;
				CURRENT_PROJECT_VERSION = 1;
				DEVELOPMENT_ASSET_PATHS = "\"antenna/Preview Content\"";
				ENABLE_PREVIEWS = YES;
				GENERATE_INFOPLIST_FILE = YES;
				INFOPLIST_KEY_UIApplicationSceneManifest_Generation = YES;
				INFOPLIST_KEY_UIApplicationSupportsIndirectInputEvents = YES;
				INFOPLIST_KEY_UILaunchScreen_Generation = YES;
				INFOPLIST_KEY_UISupportedInterfaceOrientations_iPad = "UIInterfaceOrientationPortrait UIInterfaceOrientationPortraitUpsideDown UIInterfaceOrientationLandscapeLeft UIInterfaceOrientationLandscapeRight";
				INFOPLIST_KEY_UISupportedInterfaceOrientations_iPhone = "UIInterfaceOrientationPortrait UIInterfaceOrientationLandscapeLeft UIInterfaceOrientationLandscapeRight";
				LD_RUNPATH_SEARCH_PATHS = (
					"$(inherited)",
					"@executable_path/Frameworks",
				);
				MARKETING_VERSION = 1.0;
				PRODUCT_BUNDLE_IDENTIFIER = IOS.antenna;
				PRODUCT_NAME = "$(TARGET_NAME)";
				SWIFT_EMIT_LOC_STRINGS = YES;
				SWIFT_VERSION = 5.0;
				TARGETED_DEVICE_FAMILY = "1,2";
			};
			name = Debug;
		};
		F34566D32A55A75400C160C6 /* Release */ = {
			isa = XCBuildConfiguration;
			buildSettings = {
				ASSETCATALOG_COMPILER_APPICON_NAME = AppIcon;
				ASSETCATALOG_COMPILER_GLOBAL_ACCENT_COLOR_NAME = AccentColor;
				CODE_SIGN_STYLE = Automatic;
				CURRENT_PROJECT_VERSION = 1;
				DEVELOPMENT_ASSET_PATHS = "\"antenna/Preview Content\"";
				ENABLE_PREVIEWS = YES;
				GENERATE_INFOPLIST_FILE = YES;
				INFOPLIST_KEY_UIApplicationSceneManifest_Generation = YES;
				INFOPLIST_KEY_UIApplicationSupportsIndirectInputEvents = YES;
				INFOPLIST_KEY_UILaunchScreen_Generation = YES;
				INFOPLIST_KEY_UISupportedInterfaceOrientations_iPad = "UIInterfaceOrientationPortrait UIInterfaceOrientationPortraitUpsideDown UIInterfaceOrientationLandscapeLeft UIInterfaceOrientationLandscapeRight";
				INFOPLIST_KEY_UISupportedInterfaceOrientations_iPhone = "UIInterfaceOrientationPortrait UIInterfaceOrientationLandscapeLeft UIInterfaceOrientationLandscapeRight";
				LD_RUNPATH_SEARCH_PATHS = (
					"$(inherited)",
					"@executable_path/Frameworks",
				);
				MARKETING_VERSION = 1.0;
				PRODUCT_BUNDLE_IDENTIFIER = IOS.antenna;
				PRODUCT_NAME = "$(TARGET_NAME)";
				SWIFT_EMIT_LOC_STRINGS = YES;
				SWIFT_VERSION = 5.0;
				TARGETED_DEVICE_FAMILY = "1,2";
			};
			name = Release;
		};
		F34566D52A55A75400C160C6 /* Debug */ = {
			isa = XCBuildConfiguration;
			buildSettings = {
				ALWAYS_EMBED_SWIFT_STANDARD_LIBRARIES = YES;
				BUNDLE_LOADER = "$(TEST_HOST)";
				CODE_SIGN_STYLE = Automatic;
				CURRENT_PROJECT_VERSION = 1;
				GENERATE_INFOPLIST_FILE = YES;
				IPHONEOS_DEPLOYMENT_TARGET = 16.4;
				MARKETING_VERSION = 1.0;
				PRODUCT_BUNDLE_IDENTIFIER = IOS.antennaTests;
				PRODUCT_NAME = "$(TARGET_NAME)";
				SWIFT_EMIT_LOC_STRINGS = NO;
				SWIFT_VERSION = 5.0;
				TARGETED_DEVICE_FAMILY = "1,2";
				TEST_HOST = "$(BUILT_PRODUCTS_DIR)/antenna.app/$(BUNDLE_EXECUTABLE_FOLDER_PATH)/antenna";
			};
			name = Debug;
		};
		F34566D62A55A75400C160C6 /* Release */ = {
			isa = XCBuildConfiguration;
			buildSettings = {
				ALWAYS_EMBED_SWIFT_STANDARD_LIBRARIES = YES;
				BUNDLE_LOADER = "$(TEST_HOST)";
				CODE_SIGN_STYLE = Automatic;
				CURRENT_PROJECT_VERSION = 1;
				GENERATE_INFOPLIST_FILE = YES;
				IPHONEOS_DEPLOYMENT_TARGET = 16.4;
				MARKETING_VERSION = 1.0;
				PRODUCT_BUNDLE_IDENTIFIER = IOS.antennaTests;
				PRODUCT_NAME = "$(TARGET_NAME)";
				SWIFT_EMIT_LOC_STRINGS = NO;
				SWIFT_VERSION = 5.0;
				TARGETED_DEVICE_FAMILY = "1,2";
				TEST_HOST = "$(BUILT_PRODUCTS_DIR)/antenna.app/$(BUNDLE_EXECUTABLE_FOLDER_PATH)/antenna";
			};
			name = Release;
		};
		F34566D82A55A75400C160C6 /* Debug */ = {
			isa = XCBuildConfiguration;
			buildSettings = {
				ALWAYS_EMBED_SWIFT_STANDARD_LIBRARIES = YES;
				CODE_SIGN_STYLE = Automatic;
				CURRENT_PROJECT_VERSION = 1;
				GENERATE_INFOPLIST_FILE = YES;
				MARKETING_VERSION = 1.0;
				PRODUCT_BUNDLE_IDENTIFIER = IOS.antennaUITests;
				PRODUCT_NAME = "$(TARGET_NAME)";
				SWIFT_EMIT_LOC_STRINGS = NO;
				SWIFT_VERSION = 5.0;
				TARGETED_DEVICE_FAMILY = "1,2";
				TEST_TARGET_NAME = antenna;
			};
			name = Debug;
		};
		F34566D92A55A75400C160C6 /* Release */ = {
			isa = XCBuildConfiguration;
			buildSettings = {
				ALWAYS_EMBED_SWIFT_STANDARD_LIBRARIES = YES;
				CODE_SIGN_STYLE = Automatic;
				CURRENT_PROJECT_VERSION = 1;
				GENERATE_INFOPLIST_FILE = YES;
				MARKETING_VERSION = 1.0;
				PRODUCT_BUNDLE_IDENTIFIER = IOS.antennaUITests;
				PRODUCT_NAME = "$(TARGET_NAME)";
				SWIFT_EMIT_LOC_STRINGS = NO;
				SWIFT_VERSION = 5.0;
				TARGETED_DEVICE_FAMILY = "1,2";
				TEST_TARGET_NAME = antenna;
			};
			name = Release;
		};
/* End XCBuildConfiguration section */

/* Begin XCConfigurationList section */
		F34566A82A55A75100C160C6 /* Build configuration list for PBXProject "antenna" */ = {
			isa = XCConfigurationList;
			buildConfigurations = (
				F34566CF2A55A75400C160C6 /* Debug */,
				F34566D02A55A75400C160C6 /* Release */,
			);
			defaultConfigurationIsVisible = 0;
			defaultConfigurationName = Release;
		};
		F34566D12A55A75400C160C6 /* Build configuration list for PBXNativeTarget "antenna" */ = {
			isa = XCConfigurationList;
			buildConfigurations = (
				F34566D22A55A75400C160C6 /* Debug */,
				F34566D32A55A75400C160C6 /* Release */,
			);
			defaultConfigurationIsVisible = 0;
			defaultConfigurationName = Release;
		};
		F34566D42A55A75400C160C6 /* Build configuration list for PBXNativeTarget "antennaTests" */ = {
			isa = XCConfigurationList;
			buildConfigurations = (
				F34566D52A55A75400C160C6 /* Debug */,
				F34566D62A55A75400C160C6 /* Release */,
			);
			defaultConfigurationIsVisible = 0;
			defaultConfigurationName = Release;
		};
		F34566D72A55A75400C160C6 /* Build configuration list for PBXNativeTarget "antennaUITests" */ = {
			isa = XCConfigurationList;
			buildConfigurations = (
				F34566D82A55A75400C160C6 /* Debug */,
				F34566D92A55A75400C160C6 /* Release */,
			);
			defaultConfigurationIsVisible = 0;
			defaultConfigurationName = Release;
		};
/* End XCConfigurationList section */
	};
	rootObject = F34566A52A55A75100C160C6 /* Project object */;
}
